// !$*UTF8*$!
{
	archiveVersion = 1;
	classes = {
	};
	objectVersion = 46;
	objects = {

/* Begin PBXBuildFile section */
		BAD0C5FE19E7A02C005B3784 /* IntSet.h in Headers */ = {isa = PBXBuildFile; fileRef = BAD0C5E219E7A02C005B3784 /* IntSet.h */; };
		BAD0C5FF19E7A02C005B3784 /* QClient.cc in Sources */ = {isa = PBXBuildFile; fileRef = BAD0C5E319E7A02C005B3784 /* QClient.cc */; };
		BAD0C60019E7A02C005B3784 /* QClient.h in Headers */ = {isa = PBXBuildFile; fileRef = BAD0C5E419E7A02C005B3784 /* QClient.h */; };
		BAD0C60119E7A02C005B3784 /* QCommand.cc in Sources */ = {isa = PBXBuildFile; fileRef = BAD0C5E519E7A02C005B3784 /* QCommand.cc */; };
		BAD0C60219E7A02C005B3784 /* QCommand.h in Headers */ = {isa = PBXBuildFile; fileRef = BAD0C5E619E7A02C005B3784 /* QCommand.h */; };
		BAD0C60319E7A02C005B3784 /* QCommon.cc in Sources */ = {isa = PBXBuildFile; fileRef = BAD0C5E719E7A02C005B3784 /* QCommon.cc */; };
		BAD0C60419E7A02C005B3784 /* QCommon.h in Headers */ = {isa = PBXBuildFile; fileRef = BAD0C5E819E7A02C005B3784 /* QCommon.h */; };
		BAD0C60519E7A02C005B3784 /* QHash.cc in Sources */ = {isa = PBXBuildFile; fileRef = BAD0C5EA19E7A02C005B3784 /* QHash.cc */; };
		BAD0C60619E7A02C005B3784 /* QHash.h in Headers */ = {isa = PBXBuildFile; fileRef = BAD0C5EB19E7A02C005B3784 /* QHash.h */; };
		BAD0C60719E7A02C005B3784 /* QKeyCommand.cc in Sources */ = {isa = PBXBuildFile; fileRef = BAD0C5EC19E7A02C005B3784 /* QKeyCommand.cc */; };
		BAD0C60819E7A02C005B3784 /* QList.cc in Sources */ = {isa = PBXBuildFile; fileRef = BAD0C5ED19E7A02C005B3784 /* QList.cc */; };
		BAD0C60919E7A02C005B3784 /* QList.h in Headers */ = {isa = PBXBuildFile; fileRef = BAD0C5EE19E7A02C005B3784 /* QList.h */; };
		BAD0C60A19E7A02C005B3784 /* QPubsub.cc in Sources */ = {isa = PBXBuildFile; fileRef = BAD0C5EF19E7A02C005B3784 /* QPubsub.cc */; };
		BAD0C60B19E7A02C005B3784 /* QServerCommand.cc in Sources */ = {isa = PBXBuildFile; fileRef = BAD0C5F019E7A02C005B3784 /* QServerCommand.cc */; };
		BAD0C60C19E7A02C005B3784 /* QSet.cc in Sources */ = {isa = PBXBuildFile; fileRef = BAD0C5F119E7A02C005B3784 /* QSet.cc */; };
		BAD0C60D19E7A02C005B3784 /* QSet.h in Headers */ = {isa = PBXBuildFile; fileRef = BAD0C5F219E7A02C005B3784 /* QSet.h */; };
		BAD0C60E19E7A02C005B3784 /* QSortedSet.cc in Sources */ = {isa = PBXBuildFile; fileRef = BAD0C5F319E7A02C005B3784 /* QSortedSet.cc */; };
		BAD0C60F19E7A02C005B3784 /* QSortedSet.h in Headers */ = {isa = PBXBuildFile; fileRef = BAD0C5F419E7A02C005B3784 /* QSortedSet.h */; };
		BAD0C61019E7A02C005B3784 /* QStat.cc in Sources */ = {isa = PBXBuildFile; fileRef = BAD0C5F519E7A02C005B3784 /* QStat.cc */; };
		BAD0C61119E7A02C005B3784 /* QStat.h in Headers */ = {isa = PBXBuildFile; fileRef = BAD0C5F619E7A02C005B3784 /* QStat.h */; };
		BAD0C61219E7A02C005B3784 /* QStore.cc in Sources */ = {isa = PBXBuildFile; fileRef = BAD0C5F719E7A02C005B3784 /* QStore.cc */; };
		BAD0C61319E7A02C005B3784 /* QStore.h in Headers */ = {isa = PBXBuildFile; fileRef = BAD0C5F819E7A02C005B3784 /* QStore.h */; };
		BAD0C61419E7A02C005B3784 /* QString.cc in Sources */ = {isa = PBXBuildFile; fileRef = BAD0C5F919E7A02C005B3784 /* QString.cc */; };
		BAD0C61519E7A02C005B3784 /* QString.h in Headers */ = {isa = PBXBuildFile; fileRef = BAD0C5FA19E7A02C005B3784 /* QString.h */; };
		BAD0C61619E7A02C005B3784 /* util.cc in Sources */ = {isa = PBXBuildFile; fileRef = BAD0C5FB19E7A02C005B3784 /* util.cc */; };
		BAD0C61719E7A02C005B3784 /* util.h in Headers */ = {isa = PBXBuildFile; fileRef = BAD0C5FC19E7A02C005B3784 /* util.h */; };
		BAD0C61A19E7A075005B3784 /* Qedis.cc in Sources */ = {isa = PBXBuildFile; fileRef = BAD0C61919E7A075005B3784 /* Qedis.cc */; };
		BAD0C61F19E7A18B005B3784 /* intset_unittest.cc in Sources */ = {isa = PBXBuildFile; fileRef = BAD0C61E19E7A18B005B3784 /* intset_unittest.cc */; };
		BAD0C62419E7A8CA005B3784 /* libqbaselib.a in Frameworks */ = {isa = PBXBuildFile; fileRef = BAFC83FE19C44AE800C18B22 /* libqbaselib.a */; };
		BAD0C62519E7A8DA005B3784 /* libqedislib.a in Frameworks */ = {isa = PBXBuildFile; fileRef = BAD0C5D919E79FF7005B3784 /* libqedislib.a */; };
		BAD0C62619E7A932005B3784 /* libqedislib.a in Frameworks */ = {isa = PBXBuildFile; fileRef = BAD0C5D919E79FF7005B3784 /* libqedislib.a */; };
		BAD0C62719E7A97A005B3784 /* IntSet.cc in Sources */ = {isa = PBXBuildFile; fileRef = BAD0C5E119E7A02C005B3784 /* IntSet.cc */; };
		BADC7D7619D6BC700036858E /* UnitTest.1 in CopyFiles */ = {isa = PBXBuildFile; fileRef = BADC7D7519D6BC700036858E /* UnitTest.1 */; };
		BADC7D7C19D6BC960036858E /* UnitTest.cc in Sources */ = {isa = PBXBuildFile; fileRef = BADC7D7A19D6BC960036858E /* UnitTest.cc */; };
		BAFC847219C44AFD00C18B22 /* Buffer.h in Headers */ = {isa = PBXBuildFile; fileRef = BAFC840219C44AFD00C18B22 /* Buffer.h */; };
		BAFC847319C44AFD00C18B22 /* ClientSocket.cc in Sources */ = {isa = PBXBuildFile; fileRef = BAFC840419C44AFD00C18B22 /* ClientSocket.cc */; };
		BAFC847419C44AFD00C18B22 /* ClientSocket.h in Headers */ = {isa = PBXBuildFile; fileRef = BAFC840519C44AFD00C18B22 /* ClientSocket.h */; };
		BAFC847519C44AFD00C18B22 /* ConfigParser.cc in Sources */ = {isa = PBXBuildFile; fileRef = BAFC840719C44AFD00C18B22 /* ConfigParser.cc */; };
		BAFC847619C44AFD00C18B22 /* ConfigParser.h in Headers */ = {isa = PBXBuildFile; fileRef = BAFC840819C44AFD00C18B22 /* ConfigParser.h */; };
		BAFC847719C44AFD00C18B22 /* EPoller.cc in Sources */ = {isa = PBXBuildFile; fileRef = BAFC840919C44AFD00C18B22 /* EPoller.cc */; };
		BAFC847819C44AFD00C18B22 /* EPoller.h in Headers */ = {isa = PBXBuildFile; fileRef = BAFC840A19C44AFD00C18B22 /* EPoller.h */; };
		BAFC847919C44AFD00C18B22 /* Kqueue.cc in Sources */ = {isa = PBXBuildFile; fileRef = BAFC840B19C44AFD00C18B22 /* Kqueue.cc */; };
		BAFC847A19C44AFD00C18B22 /* Kqueue.h in Headers */ = {isa = PBXBuildFile; fileRef = BAFC840C19C44AFD00C18B22 /* Kqueue.h */; };
		BAFC847B19C44AFD00C18B22 /* ListenSocket.cc in Sources */ = {isa = PBXBuildFile; fileRef = BAFC840D19C44AFD00C18B22 /* ListenSocket.cc */; };
		BAFC847C19C44AFD00C18B22 /* ListenSocket.h in Headers */ = {isa = PBXBuildFile; fileRef = BAFC840E19C44AFD00C18B22 /* ListenSocket.h */; };
		BAFC847D19C44AFD00C18B22 /* Logger.cc in Sources */ = {isa = PBXBuildFile; fileRef = BAFC841019C44AFD00C18B22 /* Logger.cc */; };
		BAFC847E19C44AFD00C18B22 /* Logger.h in Headers */ = {isa = PBXBuildFile; fileRef = BAFC841119C44AFD00C18B22 /* Logger.h */; };
		BAFC848E19C44AFD00C18B22 /* NetThreadPool.cc in Sources */ = {isa = PBXBuildFile; fileRef = BAFC842A19C44AFD00C18B22 /* NetThreadPool.cc */; };
		BAFC848F19C44AFD00C18B22 /* NetThreadPool.h in Headers */ = {isa = PBXBuildFile; fileRef = BAFC842B19C44AFD00C18B22 /* NetThreadPool.h */; };
		BAFC849019C44AFD00C18B22 /* Poller.h in Headers */ = {isa = PBXBuildFile; fileRef = BAFC842C19C44AFD00C18B22 /* Poller.h */; };
		BAFC849119C44AFD00C18B22 /* Server.cc in Sources */ = {isa = PBXBuildFile; fileRef = BAFC842D19C44AFD00C18B22 /* Server.cc */; };
		BAFC849219C44AFD00C18B22 /* Server.h in Headers */ = {isa = PBXBuildFile; fileRef = BAFC842E19C44AFD00C18B22 /* Server.h */; };
		BAFC849319C44AFD00C18B22 /* CounterBase.h in Headers */ = {isa = PBXBuildFile; fileRef = BAFC843319C44AFD00C18B22 /* CounterBase.h */; };
		BAFC849419C44AFD00C18B22 /* CounterImpl.h in Headers */ = {isa = PBXBuildFile; fileRef = BAFC843419C44AFD00C18B22 /* CounterImpl.h */; };
		BAFC849519C44AFD00C18B22 /* EnableShareMe.h in Headers */ = {isa = PBXBuildFile; fileRef = BAFC843519C44AFD00C18B22 /* EnableShareMe.h */; };
		BAFC849619C44AFD00C18B22 /* MakeShared.h in Headers */ = {isa = PBXBuildFile; fileRef = BAFC843619C44AFD00C18B22 /* MakeShared.h */; };
		BAFC849719C44AFD00C18B22 /* SharedPtr.h in Headers */ = {isa = PBXBuildFile; fileRef = BAFC843719C44AFD00C18B22 /* SharedPtr.h */; };
		BAFC849E19C44AFD00C18B22 /* UniquePtr.h in Headers */ = {isa = PBXBuildFile; fileRef = BAFC844119C44AFD00C18B22 /* UniquePtr.h */; };
		BAFC849F19C44AFD00C18B22 /* WeakPtr.h in Headers */ = {isa = PBXBuildFile; fileRef = BAFC844219C44AFD00C18B22 /* WeakPtr.h */; };
		BAFC84B719C44AFD00C18B22 /* Socket.cc in Sources */ = {isa = PBXBuildFile; fileRef = BAFC846019C44AFD00C18B22 /* Socket.cc */; };
		BAFC84B819C44AFD00C18B22 /* Socket.h in Headers */ = {isa = PBXBuildFile; fileRef = BAFC846119C44AFD00C18B22 /* Socket.h */; };
		BAFC84B919C44AFD00C18B22 /* StreamSocket.cc in Sources */ = {isa = PBXBuildFile; fileRef = BAFC846219C44AFD00C18B22 /* StreamSocket.cc */; };
		BAFC84BA19C44AFD00C18B22 /* StreamSocket.h in Headers */ = {isa = PBXBuildFile; fileRef = BAFC846319C44AFD00C18B22 /* StreamSocket.h */; };
		BAFC84BB19C44AFD00C18B22 /* TaskManager.cc in Sources */ = {isa = PBXBuildFile; fileRef = BAFC846419C44AFD00C18B22 /* TaskManager.cc */; };
		BAFC84BC19C44AFD00C18B22 /* TaskManager.h in Headers */ = {isa = PBXBuildFile; fileRef = BAFC846519C44AFD00C18B22 /* TaskManager.h */; };
		BAFC84BD19C44AFD00C18B22 /* Atomic.h in Headers */ = {isa = PBXBuildFile; fileRef = BAFC846719C44AFD00C18B22 /* Atomic.h */; };
		BAFC84BE19C44AFD00C18B22 /* IPC.cc in Sources */ = {isa = PBXBuildFile; fileRef = BAFC846819C44AFD00C18B22 /* IPC.cc */; };
		BAFC84BF19C44AFD00C18B22 /* IPC.h in Headers */ = {isa = PBXBuildFile; fileRef = BAFC846919C44AFD00C18B22 /* IPC.h */; };
		BAFC84C019C44AFD00C18B22 /* Thread.cc in Sources */ = {isa = PBXBuildFile; fileRef = BAFC846A19C44AFD00C18B22 /* Thread.cc */; };
		BAFC84C119C44AFD00C18B22 /* Thread.h in Headers */ = {isa = PBXBuildFile; fileRef = BAFC846B19C44AFD00C18B22 /* Thread.h */; };
		BAFC84C219C44AFD00C18B22 /* ThreadPool.cc in Sources */ = {isa = PBXBuildFile; fileRef = BAFC846C19C44AFD00C18B22 /* ThreadPool.cc */; };
		BAFC84C319C44AFD00C18B22 /* ThreadPool.h in Headers */ = {isa = PBXBuildFile; fileRef = BAFC846D19C44AFD00C18B22 /* ThreadPool.h */; };
		BAFC84C419C44AFD00C18B22 /* Timer.cc in Sources */ = {isa = PBXBuildFile; fileRef = BAFC846E19C44AFD00C18B22 /* Timer.cc */; };
		BAFC84C519C44AFD00C18B22 /* Timer.h in Headers */ = {isa = PBXBuildFile; fileRef = BAFC846F19C44AFD00C18B22 /* Timer.h */; };
		BAFC84C619C44AFD00C18B22 /* UnboundedBuffer.cc in Sources */ = {isa = PBXBuildFile; fileRef = BAFC847019C44AFD00C18B22 /* UnboundedBuffer.cc */; };
		BAFC84C719C44AFD00C18B22 /* UnboundedBuffer.h in Headers */ = {isa = PBXBuildFile; fileRef = BAFC847119C44AFD00C18B22 /* UnboundedBuffer.h */; };
/* End PBXBuildFile section */

/* Begin PBXContainerItemProxy section */
		BAD0C5DD19E7A002005B3784 /* PBXContainerItemProxy */ = {
			isa = PBXContainerItemProxy;
			containerPortal = BABEBECD19C4474900010636 /* Project object */;
			proxyType = 1;
			remoteGlobalIDString = BAFC83FD19C44AE800C18B22;
			remoteInfo = qbaselib;
		};
		BAD0C5DF19E7A007005B3784 /* PBXContainerItemProxy */ = {
			isa = PBXContainerItemProxy;
			containerPortal = BABEBECD19C4474900010636 /* Project object */;
			proxyType = 1;
			remoteGlobalIDString = BAD0C5D819E79FF7005B3784;
			remoteInfo = qedislib;
		};
		BAD0C62019E7A889005B3784 /* PBXContainerItemProxy */ = {
			isa = PBXContainerItemProxy;
			containerPortal = BABEBECD19C4474900010636 /* Project object */;
			proxyType = 1;
			remoteGlobalIDString = BAFC83FD19C44AE800C18B22;
			remoteInfo = qbaselib;
		};
		BAD0C62219E7A88D005B3784 /* PBXContainerItemProxy */ = {
			isa = PBXContainerItemProxy;
			containerPortal = BABEBECD19C4474900010636 /* Project object */;
			proxyType = 1;
			remoteGlobalIDString = BAD0C5D819E79FF7005B3784;
			remoteInfo = qedislib;
		};
		BAFC84D419C44B6800C18B22 /* PBXContainerItemProxy */ = {
			isa = PBXContainerItemProxy;
			containerPortal = BABEBECD19C4474900010636 /* Project object */;
			proxyType = 1;
			remoteGlobalIDString = BAFC83FD19C44AE800C18B22;
			remoteInfo = qbaselib;
		};
/* End PBXContainerItemProxy section */

/* Begin PBXCopyFilesBuildPhase section */
		BABEBED319C4474900010636 /* CopyFiles */ = {
			isa = PBXCopyFilesBuildPhase;
			buildActionMask = 2147483647;
			dstPath = /usr/share/man/man1/;
			dstSubfolderSpec = 0;
			files = (
			);
			runOnlyForDeploymentPostprocessing = 1;
		};
		BADC7D6F19D6BC700036858E /* CopyFiles */ = {
			isa = PBXCopyFilesBuildPhase;
			buildActionMask = 2147483647;
			dstPath = /usr/share/man/man1/;
			dstSubfolderSpec = 0;
			files = (
				BADC7D7619D6BC700036858E /* UnitTest.1 in CopyFiles */,
			);
			runOnlyForDeploymentPostprocessing = 1;
		};
/* End PBXCopyFilesBuildPhase section */

/* Begin PBXFileReference section */
		BABEBED519C4474900010636 /* Qedis */ = {isa = PBXFileReference; explicitFileType = "compiled.mach-o.executable"; includeInIndex = 0; path = Qedis; sourceTree = BUILT_PRODUCTS_DIR; };
		BAD0C5D919E79FF7005B3784 /* libqedislib.a */ = {isa = PBXFileReference; explicitFileType = archive.ar; includeInIndex = 0; path = libqedislib.a; sourceTree = BUILT_PRODUCTS_DIR; };
		BAD0C5E119E7A02C005B3784 /* IntSet.cc */ = {isa = PBXFileReference; fileEncoding = 4; lastKnownFileType = sourcecode.cpp.cpp; name = IntSet.cc; path = QedisLib/IntSet.cc; sourceTree = SOURCE_ROOT; };
		BAD0C5E219E7A02C005B3784 /* IntSet.h */ = {isa = PBXFileReference; fileEncoding = 4; lastKnownFileType = sourcecode.c.h; name = IntSet.h; path = QedisLib/IntSet.h; sourceTree = SOURCE_ROOT; };
		BAD0C5E319E7A02C005B3784 /* QClient.cc */ = {isa = PBXFileReference; fileEncoding = 4; lastKnownFileType = sourcecode.cpp.cpp; name = QClient.cc; path = QedisLib/QClient.cc; sourceTree = SOURCE_ROOT; };
		BAD0C5E419E7A02C005B3784 /* QClient.h */ = {isa = PBXFileReference; fileEncoding = 4; lastKnownFileType = sourcecode.c.h; name = QClient.h; path = QedisLib/QClient.h; sourceTree = SOURCE_ROOT; };
		BAD0C5E519E7A02C005B3784 /* QCommand.cc */ = {isa = PBXFileReference; fileEncoding = 4; lastKnownFileType = sourcecode.cpp.cpp; name = QCommand.cc; path = QedisLib/QCommand.cc; sourceTree = SOURCE_ROOT; };
		BAD0C5E619E7A02C005B3784 /* QCommand.h */ = {isa = PBXFileReference; fileEncoding = 4; lastKnownFileType = sourcecode.c.h; name = QCommand.h; path = QedisLib/QCommand.h; sourceTree = SOURCE_ROOT; };
		BAD0C5E719E7A02C005B3784 /* QCommon.cc */ = {isa = PBXFileReference; fileEncoding = 4; lastKnownFileType = sourcecode.cpp.cpp; name = QCommon.cc; path = QedisLib/QCommon.cc; sourceTree = SOURCE_ROOT; };
		BAD0C5E819E7A02C005B3784 /* QCommon.h */ = {isa = PBXFileReference; fileEncoding = 4; lastKnownFileType = sourcecode.c.h; name = QCommon.h; path = QedisLib/QCommon.h; sourceTree = SOURCE_ROOT; };
		BAD0C5E919E7A02C005B3784 /* Qedis.1 */ = {isa = PBXFileReference; fileEncoding = 4; lastKnownFileType = text.man; name = Qedis.1; path = QedisLib/Qedis.1; sourceTree = SOURCE_ROOT; };
		BAD0C5EA19E7A02C005B3784 /* QHash.cc */ = {isa = PBXFileReference; fileEncoding = 4; lastKnownFileType = sourcecode.cpp.cpp; name = QHash.cc; path = QedisLib/QHash.cc; sourceTree = SOURCE_ROOT; };
		BAD0C5EB19E7A02C005B3784 /* QHash.h */ = {isa = PBXFileReference; fileEncoding = 4; lastKnownFileType = sourcecode.c.h; name = QHash.h; path = QedisLib/QHash.h; sourceTree = SOURCE_ROOT; };
		BAD0C5EC19E7A02C005B3784 /* QKeyCommand.cc */ = {isa = PBXFileReference; fileEncoding = 4; lastKnownFileType = sourcecode.cpp.cpp; name = QKeyCommand.cc; path = QedisLib/QKeyCommand.cc; sourceTree = SOURCE_ROOT; };
		BAD0C5ED19E7A02C005B3784 /* QList.cc */ = {isa = PBXFileReference; fileEncoding = 4; lastKnownFileType = sourcecode.cpp.cpp; name = QList.cc; path = QedisLib/QList.cc; sourceTree = SOURCE_ROOT; };
		BAD0C5EE19E7A02C005B3784 /* QList.h */ = {isa = PBXFileReference; fileEncoding = 4; lastKnownFileType = sourcecode.c.h; name = QList.h; path = QedisLib/QList.h; sourceTree = SOURCE_ROOT; };
		BAD0C5EF19E7A02C005B3784 /* QPubsub.cc */ = {isa = PBXFileReference; fileEncoding = 4; lastKnownFileType = sourcecode.cpp.cpp; name = QPubsub.cc; path = QedisLib/QPubsub.cc; sourceTree = SOURCE_ROOT; };
		BAD0C5F019E7A02C005B3784 /* QServerCommand.cc */ = {isa = PBXFileReference; fileEncoding = 4; lastKnownFileType = sourcecode.cpp.cpp; name = QServerCommand.cc; path = QedisLib/QServerCommand.cc; sourceTree = SOURCE_ROOT; };
		BAD0C5F119E7A02C005B3784 /* QSet.cc */ = {isa = PBXFileReference; fileEncoding = 4; lastKnownFileType = sourcecode.cpp.cpp; name = QSet.cc; path = QedisLib/QSet.cc; sourceTree = SOURCE_ROOT; };
		BAD0C5F219E7A02C005B3784 /* QSet.h */ = {isa = PBXFileReference; fileEncoding = 4; lastKnownFileType = sourcecode.c.h; name = QSet.h; path = QedisLib/QSet.h; sourceTree = SOURCE_ROOT; };
		BAD0C5F319E7A02C005B3784 /* QSortedSet.cc */ = {isa = PBXFileReference; fileEncoding = 4; lastKnownFileType = sourcecode.cpp.cpp; name = QSortedSet.cc; path = QedisLib/QSortedSet.cc; sourceTree = SOURCE_ROOT; };
		BAD0C5F419E7A02C005B3784 /* QSortedSet.h */ = {isa = PBXFileReference; fileEncoding = 4; lastKnownFileType = sourcecode.c.h; name = QSortedSet.h; path = QedisLib/QSortedSet.h; sourceTree = SOURCE_ROOT; };
		BAD0C5F519E7A02C005B3784 /* QStat.cc */ = {isa = PBXFileReference; fileEncoding = 4; lastKnownFileType = sourcecode.cpp.cpp; name = QStat.cc; path = QedisLib/QStat.cc; sourceTree = SOURCE_ROOT; };
		BAD0C5F619E7A02C005B3784 /* QStat.h */ = {isa = PBXFileReference; fileEncoding = 4; lastKnownFileType = sourcecode.c.h; name = QStat.h; path = QedisLib/QStat.h; sourceTree = SOURCE_ROOT; };
		BAD0C5F719E7A02C005B3784 /* QStore.cc */ = {isa = PBXFileReference; fileEncoding = 4; lastKnownFileType = sourcecode.cpp.cpp; name = QStore.cc; path = QedisLib/QStore.cc; sourceTree = SOURCE_ROOT; };
		BAD0C5F819E7A02C005B3784 /* QStore.h */ = {isa = PBXFileReference; fileEncoding = 4; lastKnownFileType = sourcecode.c.h; name = QStore.h; path = QedisLib/QStore.h; sourceTree = SOURCE_ROOT; };
		BAD0C5F919E7A02C005B3784 /* QString.cc */ = {isa = PBXFileReference; fileEncoding = 4; lastKnownFileType = sourcecode.cpp.cpp; name = QString.cc; path = QedisLib/QString.cc; sourceTree = SOURCE_ROOT; };
		BAD0C5FA19E7A02C005B3784 /* QString.h */ = {isa = PBXFileReference; fileEncoding = 4; lastKnownFileType = sourcecode.c.h; name = QString.h; path = QedisLib/QString.h; sourceTree = SOURCE_ROOT; };
		BAD0C5FB19E7A02C005B3784 /* util.cc */ = {isa = PBXFileReference; fileEncoding = 4; lastKnownFileType = sourcecode.cpp.cpp; name = util.cc; path = QedisLib/util.cc; sourceTree = SOURCE_ROOT; };
		BAD0C5FC19E7A02C005B3784 /* util.h */ = {isa = PBXFileReference; fileEncoding = 4; lastKnownFileType = sourcecode.c.h; name = util.h; path = QedisLib/util.h; sourceTree = SOURCE_ROOT; };
		BAD0C61919E7A075005B3784 /* Qedis.cc */ = {isa = PBXFileReference; fileEncoding = 4; lastKnownFileType = sourcecode.cpp.cpp; name = Qedis.cc; path = QedisSvr/Qedis.cc; sourceTree = "<group>"; };
		BAD0C61B19E7A08E005B3784 /* CMakeLists.txt */ = {isa = PBXFileReference; fileEncoding = 4; lastKnownFileType = text; name = CMakeLists.txt; path = QedisLib/CMakeLists.txt; sourceTree = SOURCE_ROOT; };
		BAD0C61C19E7A09F005B3784 /* CMakeLists.txt */ = {isa = PBXFileReference; fileEncoding = 4; lastKnownFileType = text; name = CMakeLists.txt; path = QedisSvr/CMakeLists.txt; sourceTree = "<group>"; };
		BAD0C61D19E7A18B005B3784 /* CMakeLists.txt */ = {isa = PBXFileReference; fileEncoding = 4; lastKnownFileType = text; path = CMakeLists.txt; sourceTree = "<group>"; };
		BAD0C61E19E7A18B005B3784 /* intset_unittest.cc */ = {isa = PBXFileReference; fileEncoding = 4; lastKnownFileType = sourcecode.cpp.cpp; path = intset_unittest.cc; sourceTree = "<group>"; };
		BAD0C62919E7A9D8005B3784 /* UnitTest.h */ = {isa = PBXFileReference; fileEncoding = 4; lastKnownFileType = sourcecode.c.h; path = UnitTest.h; sourceTree = "<group>"; };
		BADC7D7119D6BC700036858E /* UnitTest */ = {isa = PBXFileReference; explicitFileType = "compiled.mach-o.executable"; includeInIndex = 0; path = UnitTest; sourceTree = BUILT_PRODUCTS_DIR; };
		BADC7D7519D6BC700036858E /* UnitTest.1 */ = {isa = PBXFileReference; lastKnownFileType = text.man; path = UnitTest.1; sourceTree = "<group>"; };
		BADC7D7A19D6BC960036858E /* UnitTest.cc */ = {isa = PBXFileReference; fileEncoding = 4; lastKnownFileType = sourcecode.cpp.cpp; path = UnitTest.cc; sourceTree = "<group>"; };
		BAFC83FE19C44AE800C18B22 /* libqbaselib.a */ = {isa = PBXFileReference; explicitFileType = archive.ar; includeInIndex = 0; path = libqbaselib.a; sourceTree = BUILT_PRODUCTS_DIR; };
		BAFC840219C44AFD00C18B22 /* Buffer.h */ = {isa = PBXFileReference; fileEncoding = 4; lastKnownFileType = sourcecode.c.h; name = Buffer.h; path = QBase/Buffer.h; sourceTree = "<group>"; };
		BAFC840419C44AFD00C18B22 /* ClientSocket.cc */ = {isa = PBXFileReference; fileEncoding = 4; lastKnownFileType = sourcecode.cpp.cpp; name = ClientSocket.cc; path = QBase/ClientSocket.cc; sourceTree = "<group>"; };
		BAFC840519C44AFD00C18B22 /* ClientSocket.h */ = {isa = PBXFileReference; fileEncoding = 4; lastKnownFileType = sourcecode.c.h; name = ClientSocket.h; path = QBase/ClientSocket.h; sourceTree = "<group>"; };
		BAFC840619C44AFD00C18B22 /* CMakeLists.txt */ = {isa = PBXFileReference; fileEncoding = 4; lastKnownFileType = text; name = CMakeLists.txt; path = QBase/CMakeLists.txt; sourceTree = "<group>"; };
		BAFC840719C44AFD00C18B22 /* ConfigParser.cc */ = {isa = PBXFileReference; fileEncoding = 4; lastKnownFileType = sourcecode.cpp.cpp; name = ConfigParser.cc; path = QBase/ConfigParser.cc; sourceTree = "<group>"; };
		BAFC840819C44AFD00C18B22 /* ConfigParser.h */ = {isa = PBXFileReference; fileEncoding = 4; lastKnownFileType = sourcecode.c.h; name = ConfigParser.h; path = QBase/ConfigParser.h; sourceTree = "<group>"; };
		BAFC840919C44AFD00C18B22 /* EPoller.cc */ = {isa = PBXFileReference; fileEncoding = 4; lastKnownFileType = sourcecode.cpp.cpp; name = EPoller.cc; path = QBase/EPoller.cc; sourceTree = "<group>"; };
		BAFC840A19C44AFD00C18B22 /* EPoller.h */ = {isa = PBXFileReference; fileEncoding = 4; lastKnownFileType = sourcecode.c.h; name = EPoller.h; path = QBase/EPoller.h; sourceTree = "<group>"; };
		BAFC840B19C44AFD00C18B22 /* Kqueue.cc */ = {isa = PBXFileReference; fileEncoding = 4; lastKnownFileType = sourcecode.cpp.cpp; name = Kqueue.cc; path = QBase/Kqueue.cc; sourceTree = "<group>"; };
		BAFC840C19C44AFD00C18B22 /* Kqueue.h */ = {isa = PBXFileReference; fileEncoding = 4; lastKnownFileType = sourcecode.c.h; name = Kqueue.h; path = QBase/Kqueue.h; sourceTree = "<group>"; };
		BAFC840D19C44AFD00C18B22 /* ListenSocket.cc */ = {isa = PBXFileReference; fileEncoding = 4; lastKnownFileType = sourcecode.cpp.cpp; name = ListenSocket.cc; path = QBase/ListenSocket.cc; sourceTree = "<group>"; };
		BAFC840E19C44AFD00C18B22 /* ListenSocket.h */ = {isa = PBXFileReference; fileEncoding = 4; lastKnownFileType = sourcecode.c.h; name = ListenSocket.h; path = QBase/ListenSocket.h; sourceTree = "<group>"; };
		BAFC841019C44AFD00C18B22 /* Logger.cc */ = {isa = PBXFileReference; fileEncoding = 4; lastKnownFileType = sourcecode.cpp.cpp; path = Logger.cc; sourceTree = "<group>"; };
		BAFC841119C44AFD00C18B22 /* Logger.h */ = {isa = PBXFileReference; fileEncoding = 4; lastKnownFileType = sourcecode.c.h; path = Logger.h; sourceTree = "<group>"; };
		BAFC842A19C44AFD00C18B22 /* NetThreadPool.cc */ = {isa = PBXFileReference; fileEncoding = 4; lastKnownFileType = sourcecode.cpp.cpp; name = NetThreadPool.cc; path = QBase/NetThreadPool.cc; sourceTree = "<group>"; };
		BAFC842B19C44AFD00C18B22 /* NetThreadPool.h */ = {isa = PBXFileReference; fileEncoding = 4; lastKnownFileType = sourcecode.c.h; name = NetThreadPool.h; path = QBase/NetThreadPool.h; sourceTree = "<group>"; };
		BAFC842C19C44AFD00C18B22 /* Poller.h */ = {isa = PBXFileReference; fileEncoding = 4; lastKnownFileType = sourcecode.c.h; name = Poller.h; path = QBase/Poller.h; sourceTree = "<group>"; };
		BAFC842D19C44AFD00C18B22 /* Server.cc */ = {isa = PBXFileReference; fileEncoding = 4; lastKnownFileType = sourcecode.cpp.cpp; name = Server.cc; path = QBase/Server.cc; sourceTree = "<group>"; };
		BAFC842E19C44AFD00C18B22 /* Server.h */ = {isa = PBXFileReference; fileEncoding = 4; lastKnownFileType = sourcecode.c.h; name = Server.h; path = QBase/Server.h; sourceTree = "<group>"; };
		BAFC843319C44AFD00C18B22 /* CounterBase.h */ = {isa = PBXFileReference; fileEncoding = 4; lastKnownFileType = sourcecode.c.h; path = CounterBase.h; sourceTree = "<group>"; };
		BAFC843419C44AFD00C18B22 /* CounterImpl.h */ = {isa = PBXFileReference; fileEncoding = 4; lastKnownFileType = sourcecode.c.h; path = CounterImpl.h; sourceTree = "<group>"; };
		BAFC843519C44AFD00C18B22 /* EnableShareMe.h */ = {isa = PBXFileReference; fileEncoding = 4; lastKnownFileType = sourcecode.c.h; path = EnableShareMe.h; sourceTree = "<group>"; };
		BAFC843619C44AFD00C18B22 /* MakeShared.h */ = {isa = PBXFileReference; fileEncoding = 4; lastKnownFileType = sourcecode.c.h; path = MakeShared.h; sourceTree = "<group>"; };
		BAFC843719C44AFD00C18B22 /* SharedPtr.h */ = {isa = PBXFileReference; fileEncoding = 4; lastKnownFileType = sourcecode.c.h; path = SharedPtr.h; sourceTree = "<group>"; };
		BAFC844119C44AFD00C18B22 /* UniquePtr.h */ = {isa = PBXFileReference; fileEncoding = 4; lastKnownFileType = sourcecode.c.h; path = UniquePtr.h; sourceTree = "<group>"; };
		BAFC844219C44AFD00C18B22 /* WeakPtr.h */ = {isa = PBXFileReference; fileEncoding = 4; lastKnownFileType = sourcecode.c.h; path = WeakPtr.h; sourceTree = "<group>"; };
		BAFC846019C44AFD00C18B22 /* Socket.cc */ = {isa = PBXFileReference; fileEncoding = 4; lastKnownFileType = sourcecode.cpp.cpp; name = Socket.cc; path = QBase/Socket.cc; sourceTree = "<group>"; };
		BAFC846119C44AFD00C18B22 /* Socket.h */ = {isa = PBXFileReference; fileEncoding = 4; lastKnownFileType = sourcecode.c.h; name = Socket.h; path = QBase/Socket.h; sourceTree = "<group>"; };
		BAFC846219C44AFD00C18B22 /* StreamSocket.cc */ = {isa = PBXFileReference; fileEncoding = 4; lastKnownFileType = sourcecode.cpp.cpp; name = StreamSocket.cc; path = QBase/StreamSocket.cc; sourceTree = "<group>"; };
		BAFC846319C44AFD00C18B22 /* StreamSocket.h */ = {isa = PBXFileReference; fileEncoding = 4; lastKnownFileType = sourcecode.c.h; name = StreamSocket.h; path = QBase/StreamSocket.h; sourceTree = "<group>"; };
		BAFC846419C44AFD00C18B22 /* TaskManager.cc */ = {isa = PBXFileReference; fileEncoding = 4; lastKnownFileType = sourcecode.cpp.cpp; name = TaskManager.cc; path = QBase/TaskManager.cc; sourceTree = "<group>"; };
		BAFC846519C44AFD00C18B22 /* TaskManager.h */ = {isa = PBXFileReference; fileEncoding = 4; lastKnownFileType = sourcecode.c.h; name = TaskManager.h; path = QBase/TaskManager.h; sourceTree = "<group>"; };
		BAFC846719C44AFD00C18B22 /* Atomic.h */ = {isa = PBXFileReference; fileEncoding = 4; lastKnownFileType = sourcecode.c.h; path = Atomic.h; sourceTree = "<group>"; };
		BAFC846819C44AFD00C18B22 /* IPC.cc */ = {isa = PBXFileReference; fileEncoding = 4; lastKnownFileType = sourcecode.cpp.cpp; path = IPC.cc; sourceTree = "<group>"; };
		BAFC846919C44AFD00C18B22 /* IPC.h */ = {isa = PBXFileReference; fileEncoding = 4; lastKnownFileType = sourcecode.c.h; path = IPC.h; sourceTree = "<group>"; };
		BAFC846A19C44AFD00C18B22 /* Thread.cc */ = {isa = PBXFileReference; fileEncoding = 4; lastKnownFileType = sourcecode.cpp.cpp; path = Thread.cc; sourceTree = "<group>"; };
		BAFC846B19C44AFD00C18B22 /* Thread.h */ = {isa = PBXFileReference; fileEncoding = 4; lastKnownFileType = sourcecode.c.h; path = Thread.h; sourceTree = "<group>"; };
		BAFC846C19C44AFD00C18B22 /* ThreadPool.cc */ = {isa = PBXFileReference; fileEncoding = 4; lastKnownFileType = sourcecode.cpp.cpp; path = ThreadPool.cc; sourceTree = "<group>"; };
		BAFC846D19C44AFD00C18B22 /* ThreadPool.h */ = {isa = PBXFileReference; fileEncoding = 4; lastKnownFileType = sourcecode.c.h; path = ThreadPool.h; sourceTree = "<group>"; };
		BAFC846E19C44AFD00C18B22 /* Timer.cc */ = {isa = PBXFileReference; fileEncoding = 4; lastKnownFileType = sourcecode.cpp.cpp; name = Timer.cc; path = QBase/Timer.cc; sourceTree = "<group>"; };
		BAFC846F19C44AFD00C18B22 /* Timer.h */ = {isa = PBXFileReference; fileEncoding = 4; lastKnownFileType = sourcecode.c.h; name = Timer.h; path = QBase/Timer.h; sourceTree = "<group>"; };
		BAFC847019C44AFD00C18B22 /* UnboundedBuffer.cc */ = {isa = PBXFileReference; fileEncoding = 4; lastKnownFileType = sourcecode.cpp.cpp; name = UnboundedBuffer.cc; path = QBase/UnboundedBuffer.cc; sourceTree = "<group>"; };
		BAFC847119C44AFD00C18B22 /* UnboundedBuffer.h */ = {isa = PBXFileReference; fileEncoding = 4; lastKnownFileType = sourcecode.c.h; name = UnboundedBuffer.h; path = QBase/UnboundedBuffer.h; sourceTree = "<group>"; };
/* End PBXFileReference section */

/* Begin PBXFrameworksBuildPhase section */
		BABEBED219C4474900010636 /* Frameworks */ = {
			isa = PBXFrameworksBuildPhase;
			buildActionMask = 2147483647;
			files = (
				BAD0C62619E7A932005B3784 /* libqedislib.a in Frameworks */,
			);
			runOnlyForDeploymentPostprocessing = 0;
		};
		BAD0C5D619E79FF7005B3784 /* Frameworks */ = {
			isa = PBXFrameworksBuildPhase;
			buildActionMask = 2147483647;
			files = (
				BAD0C62419E7A8CA005B3784 /* libqbaselib.a in Frameworks */,
			);
			runOnlyForDeploymentPostprocessing = 0;
		};
		BADC7D6E19D6BC700036858E /* Frameworks */ = {
			isa = PBXFrameworksBuildPhase;
			buildActionMask = 2147483647;
			files = (
				BAD0C62519E7A8DA005B3784 /* libqedislib.a in Frameworks */,
			);
			runOnlyForDeploymentPostprocessing = 0;
		};
		BAFC83FB19C44AE800C18B22 /* Frameworks */ = {
			isa = PBXFrameworksBuildPhase;
			buildActionMask = 2147483647;
			files = (
			);
			runOnlyForDeploymentPostprocessing = 0;
		};
/* End PBXFrameworksBuildPhase section */

/* Begin PBXGroup section */
		BAA158B219C44A0F007713F9 /* QBase */ = {
			isa = PBXGroup;
			children = (
				BAFC840219C44AFD00C18B22 /* Buffer.h */,
				BAFC840419C44AFD00C18B22 /* ClientSocket.cc */,
				BAFC840519C44AFD00C18B22 /* ClientSocket.h */,
				BAFC840619C44AFD00C18B22 /* CMakeLists.txt */,
				BAFC840719C44AFD00C18B22 /* ConfigParser.cc */,
				BAFC840819C44AFD00C18B22 /* ConfigParser.h */,
				BAFC840919C44AFD00C18B22 /* EPoller.cc */,
				BAFC840A19C44AFD00C18B22 /* EPoller.h */,
				BAFC840B19C44AFD00C18B22 /* Kqueue.cc */,
				BAFC840C19C44AFD00C18B22 /* Kqueue.h */,
				BAFC840D19C44AFD00C18B22 /* ListenSocket.cc */,
				BAFC840E19C44AFD00C18B22 /* ListenSocket.h */,
				BAFC840F19C44AFD00C18B22 /* Log */,
				BAFC842A19C44AFD00C18B22 /* NetThreadPool.cc */,
				BAFC842B19C44AFD00C18B22 /* NetThreadPool.h */,
				BAFC842C19C44AFD00C18B22 /* Poller.h */,
				BAFC842D19C44AFD00C18B22 /* Server.cc */,
				BAFC842E19C44AFD00C18B22 /* Server.h */,
				BAFC843219C44AFD00C18B22 /* SmartPtr */,
				BAFC846019C44AFD00C18B22 /* Socket.cc */,
				BAFC846119C44AFD00C18B22 /* Socket.h */,
				BAFC846219C44AFD00C18B22 /* StreamSocket.cc */,
				BAFC846319C44AFD00C18B22 /* StreamSocket.h */,
				BAFC846419C44AFD00C18B22 /* TaskManager.cc */,
				BAFC846519C44AFD00C18B22 /* TaskManager.h */,
				BAFC846619C44AFD00C18B22 /* Threads */,
				BAFC846E19C44AFD00C18B22 /* Timer.cc */,
				BAFC846F19C44AFD00C18B22 /* Timer.h */,
				BAFC847019C44AFD00C18B22 /* UnboundedBuffer.cc */,
				BAFC847119C44AFD00C18B22 /* UnboundedBuffer.h */,
			);
			name = QBase;
			sourceTree = "<group>";
		};
		BABEBECC19C4474900010636 = {
			isa = PBXGroup;
			children = (
				BAD0C61819E7A059005B3784 /* QedisSvr */,
				BAA158B219C44A0F007713F9 /* QBase */,
				BABEBED719C4474900010636 /* QedisLib */,
				BADC7D7219D6BC700036858E /* UnitTest */,
				BABEBED619C4474900010636 /* Products */,
			);
			sourceTree = "<group>";
		};
		BABEBED619C4474900010636 /* Products */ = {
			isa = PBXGroup;
			children = (
				BABEBED519C4474900010636 /* Qedis */,
				BAFC83FE19C44AE800C18B22 /* libqbaselib.a */,
				BADC7D7119D6BC700036858E /* UnitTest */,
				BAD0C5D919E79FF7005B3784 /* libqedislib.a */,
			);
			name = Products;
			sourceTree = "<group>";
		};
		BABEBED719C4474900010636 /* QedisLib */ = {
			isa = PBXGroup;
			children = (
				BAD0C61B19E7A08E005B3784 /* CMakeLists.txt */,
				BAD0C5E119E7A02C005B3784 /* IntSet.cc */,
				BAD0C5E219E7A02C005B3784 /* IntSet.h */,
				BAD0C5E319E7A02C005B3784 /* QClient.cc */,
				BAD0C5E419E7A02C005B3784 /* QClient.h */,
				BAD0C5E519E7A02C005B3784 /* QCommand.cc */,
				BAD0C5E619E7A02C005B3784 /* QCommand.h */,
				BAD0C5E719E7A02C005B3784 /* QCommon.cc */,
				BAD0C5E819E7A02C005B3784 /* QCommon.h */,
				BAD0C5E919E7A02C005B3784 /* Qedis.1 */,
				BAD0C5EA19E7A02C005B3784 /* QHash.cc */,
				BAD0C5EB19E7A02C005B3784 /* QHash.h */,
				BAD0C5EC19E7A02C005B3784 /* QKeyCommand.cc */,
				BAD0C5ED19E7A02C005B3784 /* QList.cc */,
				BAD0C5EE19E7A02C005B3784 /* QList.h */,
				BAD0C5EF19E7A02C005B3784 /* QPubsub.cc */,
				BAD0C5F019E7A02C005B3784 /* QServerCommand.cc */,
				BAD0C5F119E7A02C005B3784 /* QSet.cc */,
				BAD0C5F219E7A02C005B3784 /* QSet.h */,
				BAD0C5F319E7A02C005B3784 /* QSortedSet.cc */,
				BAD0C5F419E7A02C005B3784 /* QSortedSet.h */,
				BAD0C5F519E7A02C005B3784 /* QStat.cc */,
				BAD0C5F619E7A02C005B3784 /* QStat.h */,
				BAD0C5F719E7A02C005B3784 /* QStore.cc */,
				BAD0C5F819E7A02C005B3784 /* QStore.h */,
				BAD0C5F919E7A02C005B3784 /* QString.cc */,
				BAD0C5FA19E7A02C005B3784 /* QString.h */,
				BAD0C5FB19E7A02C005B3784 /* util.cc */,
				BAD0C5FC19E7A02C005B3784 /* util.h */,
			);
			name = QedisLib;
			path = Qedis;
			sourceTree = "<group>";
		};
		BAD0C61819E7A059005B3784 /* QedisSvr */ = {
			isa = PBXGroup;
			children = (
				BAD0C61C19E7A09F005B3784 /* CMakeLists.txt */,
				BAD0C61919E7A075005B3784 /* Qedis.cc */,
			);
			name = QedisSvr;
			sourceTree = "<group>";
		};
		BADC7D7219D6BC700036858E /* UnitTest */ = {
			isa = PBXGroup;
			children = (
				BAD0C62919E7A9D8005B3784 /* UnitTest.h */,
				BAD0C61D19E7A18B005B3784 /* CMakeLists.txt */,
				BAD0C61E19E7A18B005B3784 /* intset_unittest.cc */,
				BADC7D7A19D6BC960036858E /* UnitTest.cc */,
				BADC7D7519D6BC700036858E /* UnitTest.1 */,
			);
			path = UnitTest;
			sourceTree = "<group>";
		};
		BAFC840F19C44AFD00C18B22 /* Log */ = {
			isa = PBXGroup;
			children = (
				BAFC841019C44AFD00C18B22 /* Logger.cc */,
				BAFC841119C44AFD00C18B22 /* Logger.h */,
			);
			name = Log;
			path = QBase/Log;
			sourceTree = "<group>";
		};
		BAFC843219C44AFD00C18B22 /* SmartPtr */ = {
			isa = PBXGroup;
			children = (
				BAFC843319C44AFD00C18B22 /* CounterBase.h */,
				BAFC843419C44AFD00C18B22 /* CounterImpl.h */,
				BAFC843519C44AFD00C18B22 /* EnableShareMe.h */,
				BAFC843619C44AFD00C18B22 /* MakeShared.h */,
				BAFC843719C44AFD00C18B22 /* SharedPtr.h */,
				BAFC844119C44AFD00C18B22 /* UniquePtr.h */,
				BAFC844219C44AFD00C18B22 /* WeakPtr.h */,
			);
			name = SmartPtr;
			path = QBase/SmartPtr;
			sourceTree = "<group>";
		};
		BAFC846619C44AFD00C18B22 /* Threads */ = {
			isa = PBXGroup;
			children = (
				BAFC846719C44AFD00C18B22 /* Atomic.h */,
				BAFC846819C44AFD00C18B22 /* IPC.cc */,
				BAFC846919C44AFD00C18B22 /* IPC.h */,
				BAFC846A19C44AFD00C18B22 /* Thread.cc */,
				BAFC846B19C44AFD00C18B22 /* Thread.h */,
				BAFC846C19C44AFD00C18B22 /* ThreadPool.cc */,
				BAFC846D19C44AFD00C18B22 /* ThreadPool.h */,
			);
			name = Threads;
			path = QBase/Threads;
			sourceTree = "<group>";
		};
/* End PBXGroup section */

/* Begin PBXHeadersBuildPhase section */
		BAD0C5D719E79FF7005B3784 /* Headers */ = {
			isa = PBXHeadersBuildPhase;
			buildActionMask = 2147483647;
			files = (
				BAD0C60F19E7A02C005B3784 /* QSortedSet.h in Headers */,
				BAD0C60919E7A02C005B3784 /* QList.h in Headers */,
				BAD0C61519E7A02C005B3784 /* QString.h in Headers */,
				BAD0C5FE19E7A02C005B3784 /* IntSet.h in Headers */,
				BAD0C60D19E7A02C005B3784 /* QSet.h in Headers */,
				BAD0C60419E7A02C005B3784 /* QCommon.h in Headers */,
				BAD0C61719E7A02C005B3784 /* util.h in Headers */,
				BAD0C60219E7A02C005B3784 /* QCommand.h in Headers */,
				BAD0C61119E7A02C005B3784 /* QStat.h in Headers */,
				BAD0C60619E7A02C005B3784 /* QHash.h in Headers */,
				BAD0C61319E7A02C005B3784 /* QStore.h in Headers */,
				BAD0C60019E7A02C005B3784 /* QClient.h in Headers */,
			);
			runOnlyForDeploymentPostprocessing = 0;
		};
		BAFC83FC19C44AE800C18B22 /* Headers */ = {
			isa = PBXHeadersBuildPhase;
			buildActionMask = 2147483647;
			files = (
				BAFC84BC19C44AFD00C18B22 /* TaskManager.h in Headers */,
				BAFC84C519C44AFD00C18B22 /* Timer.h in Headers */,
				BAFC84BD19C44AFD00C18B22 /* Atomic.h in Headers */,
				BAFC84C719C44AFD00C18B22 /* UnboundedBuffer.h in Headers */,
				BAFC84BA19C44AFD00C18B22 /* StreamSocket.h in Headers */,
				BAFC849419C44AFD00C18B22 /* CounterImpl.h in Headers */,
				BAFC849319C44AFD00C18B22 /* CounterBase.h in Headers */,
				BAFC84BF19C44AFD00C18B22 /* IPC.h in Headers */,
				BAFC84C319C44AFD00C18B22 /* ThreadPool.h in Headers */,
				BAFC847419C44AFD00C18B22 /* ClientSocket.h in Headers */,
				BAFC847E19C44AFD00C18B22 /* Logger.h in Headers */,
				BAFC847A19C44AFD00C18B22 /* Kqueue.h in Headers */,
				BAFC84B819C44AFD00C18B22 /* Socket.h in Headers */,
				BAFC848F19C44AFD00C18B22 /* NetThreadPool.h in Headers */,
				BAFC847219C44AFD00C18B22 /* Buffer.h in Headers */,
				BAFC849619C44AFD00C18B22 /* MakeShared.h in Headers */,
				BAFC849719C44AFD00C18B22 /* SharedPtr.h in Headers */,
				BAFC849519C44AFD00C18B22 /* EnableShareMe.h in Headers */,
				BAFC849F19C44AFD00C18B22 /* WeakPtr.h in Headers */,
				BAFC847819C44AFD00C18B22 /* EPoller.h in Headers */,
				BAFC849019C44AFD00C18B22 /* Poller.h in Headers */,
				BAFC849219C44AFD00C18B22 /* Server.h in Headers */,
				BAFC847C19C44AFD00C18B22 /* ListenSocket.h in Headers */,
				BAFC849E19C44AFD00C18B22 /* UniquePtr.h in Headers */,
				BAFC84C119C44AFD00C18B22 /* Thread.h in Headers */,
				BAFC847619C44AFD00C18B22 /* ConfigParser.h in Headers */,
			);
			runOnlyForDeploymentPostprocessing = 0;
		};
/* End PBXHeadersBuildPhase section */

/* Begin PBXNativeTarget section */
		BABEBED419C4474900010636 /* Qedis */ = {
			isa = PBXNativeTarget;
			buildConfigurationList = BABEBEDE19C4474900010636 /* Build configuration list for PBXNativeTarget "Qedis" */;
			buildPhases = (
				BABEBED119C4474900010636 /* Sources */,
				BABEBED219C4474900010636 /* Frameworks */,
				BABEBED319C4474900010636 /* CopyFiles */,
			);
			buildRules = (
			);
			dependencies = (
				BAD0C5E019E7A007005B3784 /* PBXTargetDependency */,
				BAFC84D519C44B6800C18B22 /* PBXTargetDependency */,
			);
			name = Qedis;
			productName = Qedis;
			productReference = BABEBED519C4474900010636 /* Qedis */;
			productType = "com.apple.product-type.tool";
		};
		BAD0C5D819E79FF7005B3784 /* qedislib */ = {
			isa = PBXNativeTarget;
			buildConfigurationList = BAD0C5DA19E79FF7005B3784 /* Build configuration list for PBXNativeTarget "qedislib" */;
			buildPhases = (
				BAD0C5D519E79FF7005B3784 /* Sources */,
				BAD0C5D619E79FF7005B3784 /* Frameworks */,
				BAD0C5D719E79FF7005B3784 /* Headers */,
			);
			buildRules = (
			);
			dependencies = (
				BAD0C5DE19E7A002005B3784 /* PBXTargetDependency */,
			);
			name = qedislib;
			productName = qedislib;
			productReference = BAD0C5D919E79FF7005B3784 /* libqedislib.a */;
			productType = "com.apple.product-type.library.static";
		};
		BADC7D7019D6BC700036858E /* UnitTest */ = {
			isa = PBXNativeTarget;
			buildConfigurationList = BADC7D7719D6BC700036858E /* Build configuration list for PBXNativeTarget "UnitTest" */;
			buildPhases = (
				BADC7D6D19D6BC700036858E /* Sources */,
				BADC7D6E19D6BC700036858E /* Frameworks */,
				BADC7D6F19D6BC700036858E /* CopyFiles */,
			);
			buildRules = (
			);
			dependencies = (
				BAD0C62319E7A88D005B3784 /* PBXTargetDependency */,
				BAD0C62119E7A889005B3784 /* PBXTargetDependency */,
			);
			name = UnitTest;
			productName = UnitTest;
			productReference = BADC7D7119D6BC700036858E /* UnitTest */;
			productType = "com.apple.product-type.tool";
		};
		BAFC83FD19C44AE800C18B22 /* qbaselib */ = {
			isa = PBXNativeTarget;
			buildConfigurationList = BAFC840119C44AE800C18B22 /* Build configuration list for PBXNativeTarget "qbaselib" */;
			buildPhases = (
				BAFC83FA19C44AE800C18B22 /* Sources */,
				BAFC83FB19C44AE800C18B22 /* Frameworks */,
				BAFC83FC19C44AE800C18B22 /* Headers */,
			);
			buildRules = (
			);
			dependencies = (
			);
			name = qbaselib;
			productName = qbaselib;
			productReference = BAFC83FE19C44AE800C18B22 /* libqbaselib.a */;
			productType = "com.apple.product-type.library.static";
		};
/* End PBXNativeTarget section */

/* Begin PBXProject section */
		BABEBECD19C4474900010636 /* Project object */ = {
			isa = PBXProject;
			attributes = {
				LastUpgradeCheck = 0500;
				ORGANIZATIONNAME = "Bert Young";
			};
			buildConfigurationList = BABEBED019C4474900010636 /* Build configuration list for PBXProject "Qedis" */;
			compatibilityVersion = "Xcode 3.2";
			developmentRegion = English;
			hasScannedForEncodings = 0;
			knownRegions = (
				en,
			);
			mainGroup = BABEBECC19C4474900010636;
			productRefGroup = BABEBED619C4474900010636 /* Products */;
			projectDirPath = "";
			projectRoot = "";
			targets = (
				BABEBED419C4474900010636 /* Qedis */,
				BAFC83FD19C44AE800C18B22 /* qbaselib */,
				BADC7D7019D6BC700036858E /* UnitTest */,
				BAD0C5D819E79FF7005B3784 /* qedislib */,
			);
		};
/* End PBXProject section */

/* Begin PBXSourcesBuildPhase section */
		BABEBED119C4474900010636 /* Sources */ = {
			isa = PBXSourcesBuildPhase;
			buildActionMask = 2147483647;
			files = (
				BAD0C61A19E7A075005B3784 /* Qedis.cc in Sources */,
			);
			runOnlyForDeploymentPostprocessing = 0;
		};
		BAD0C5D519E79FF7005B3784 /* Sources */ = {
			isa = PBXSourcesBuildPhase;
			buildActionMask = 2147483647;
			files = (
				BAD0C61619E7A02C005B3784 /* util.cc in Sources */,
				BAD0C61219E7A02C005B3784 /* QStore.cc in Sources */,
				BAD0C60C19E7A02C005B3784 /* QSet.cc in Sources */,
				BAD0C60A19E7A02C005B3784 /* QPubsub.cc in Sources */,
				BAD0C60519E7A02C005B3784 /* QHash.cc in Sources */,
				BAD0C60319E7A02C005B3784 /* QCommon.cc in Sources */,
				BAD0C62719E7A97A005B3784 /* IntSet.cc in Sources */,
				BAD0C5FF19E7A02C005B3784 /* QClient.cc in Sources */,
				BAD0C61419E7A02C005B3784 /* QString.cc in Sources */,
				BAD0C60719E7A02C005B3784 /* QKeyCommand.cc in Sources */,
				BAD0C60819E7A02C005B3784 /* QList.cc in Sources */,
				BAD0C60E19E7A02C005B3784 /* QSortedSet.cc in Sources */,
				BAD0C61019E7A02C005B3784 /* QStat.cc in Sources */,
				BAD0C60B19E7A02C005B3784 /* QServerCommand.cc in Sources */,
				BAD0C60119E7A02C005B3784 /* QCommand.cc in Sources */,
			);
			runOnlyForDeploymentPostprocessing = 0;
		};
		BADC7D6D19D6BC700036858E /* Sources */ = {
			isa = PBXSourcesBuildPhase;
			buildActionMask = 2147483647;
			files = (
				BAD0C61F19E7A18B005B3784 /* intset_unittest.cc in Sources */,
				BADC7D7C19D6BC960036858E /* UnitTest.cc in Sources */,
			);
			runOnlyForDeploymentPostprocessing = 0;
		};
		BAFC83FA19C44AE800C18B22 /* Sources */ = {
			isa = PBXSourcesBuildPhase;
			buildActionMask = 2147483647;
			files = (
				BAFC847519C44AFD00C18B22 /* ConfigParser.cc in Sources */,
				BAFC84C019C44AFD00C18B22 /* Thread.cc in Sources */,
				BAFC84C219C44AFD00C18B22 /* ThreadPool.cc in Sources */,
				BAFC847919C44AFD00C18B22 /* Kqueue.cc in Sources */,
				BAFC849119C44AFD00C18B22 /* Server.cc in Sources */,
				BAFC848E19C44AFD00C18B22 /* NetThreadPool.cc in Sources */,
				BAFC84B719C44AFD00C18B22 /* Socket.cc in Sources */,
				BAFC847319C44AFD00C18B22 /* ClientSocket.cc in Sources */,
				BAFC847719C44AFD00C18B22 /* EPoller.cc in Sources */,
				BAFC847B19C44AFD00C18B22 /* ListenSocket.cc in Sources */,
				BAFC84C619C44AFD00C18B22 /* UnboundedBuffer.cc in Sources */,
				BAFC84BB19C44AFD00C18B22 /* TaskManager.cc in Sources */,
				BAFC84B919C44AFD00C18B22 /* StreamSocket.cc in Sources */,
				BAFC84C419C44AFD00C18B22 /* Timer.cc in Sources */,
				BAFC847D19C44AFD00C18B22 /* Logger.cc in Sources */,
				BAFC84BE19C44AFD00C18B22 /* IPC.cc in Sources */,
			);
			runOnlyForDeploymentPostprocessing = 0;
		};
/* End PBXSourcesBuildPhase section */

/* Begin PBXTargetDependency section */
		BAD0C5DE19E7A002005B3784 /* PBXTargetDependency */ = {
			isa = PBXTargetDependency;
			target = BAFC83FD19C44AE800C18B22 /* qbaselib */;
			targetProxy = BAD0C5DD19E7A002005B3784 /* PBXContainerItemProxy */;
		};
		BAD0C5E019E7A007005B3784 /* PBXTargetDependency */ = {
			isa = PBXTargetDependency;
			target = BAD0C5D819E79FF7005B3784 /* qedislib */;
			targetProxy = BAD0C5DF19E7A007005B3784 /* PBXContainerItemProxy */;
		};
		BAD0C62119E7A889005B3784 /* PBXTargetDependency */ = {
			isa = PBXTargetDependency;
			target = BAFC83FD19C44AE800C18B22 /* qbaselib */;
			targetProxy = BAD0C62019E7A889005B3784 /* PBXContainerItemProxy */;
		};
		BAD0C62319E7A88D005B3784 /* PBXTargetDependency */ = {
			isa = PBXTargetDependency;
			target = BAD0C5D819E79FF7005B3784 /* qedislib */;
			targetProxy = BAD0C62219E7A88D005B3784 /* PBXContainerItemProxy */;
		};
		BAFC84D519C44B6800C18B22 /* PBXTargetDependency */ = {
			isa = PBXTargetDependency;
			target = BAFC83FD19C44AE800C18B22 /* qbaselib */;
			targetProxy = BAFC84D419C44B6800C18B22 /* PBXContainerItemProxy */;
		};
/* End PBXTargetDependency section */

/* Begin XCBuildConfiguration section */
		BABEBEDC19C4474900010636 /* Debug */ = {
			isa = XCBuildConfiguration;
			buildSettings = {
				ALWAYS_SEARCH_USER_PATHS = NO;
				CLANG_CXX_LANGUAGE_STANDARD = "gnu++0x";
				CLANG_CXX_LIBRARY = "libc++";
				CLANG_ENABLE_OBJC_ARC = YES;
				CLANG_WARN_BOOL_CONVERSION = YES;
				CLANG_WARN_CONSTANT_CONVERSION = YES;
				CLANG_WARN_DIRECT_OBJC_ISA_USAGE = YES_ERROR;
				CLANG_WARN_EMPTY_BODY = YES;
				CLANG_WARN_ENUM_CONVERSION = YES;
				CLANG_WARN_INT_CONVERSION = YES;
				CLANG_WARN_OBJC_ROOT_CLASS = YES_ERROR;
				CLANG_WARN__DUPLICATE_METHOD_MATCH = YES;
				COPY_PHASE_STRIP = NO;
				GCC_C_LANGUAGE_STANDARD = gnu99;
				GCC_DYNAMIC_NO_PIC = NO;
				GCC_ENABLE_OBJC_EXCEPTIONS = YES;
				GCC_OPTIMIZATION_LEVEL = 0;
				GCC_PREPROCESSOR_DEFINITIONS = (
					"DEBUG=1",
					"$(inherited)",
				);
				GCC_SYMBOLS_PRIVATE_EXTERN = NO;
				GCC_WARN_64_TO_32_BIT_CONVERSION = YES;
				GCC_WARN_ABOUT_RETURN_TYPE = YES_ERROR;
				GCC_WARN_UNDECLARED_SELECTOR = YES;
				GCC_WARN_UNINITIALIZED_AUTOS = YES;
				GCC_WARN_UNUSED_FUNCTION = YES;
				GCC_WARN_UNUSED_VARIABLE = YES;
				MACOSX_DEPLOYMENT_TARGET = 10.9;
				ONLY_ACTIVE_ARCH = YES;
				SDKROOT = macosx;
			};
			name = Debug;
		};
		BABEBEDD19C4474900010636 /* Release */ = {
			isa = XCBuildConfiguration;
			buildSettings = {
				ALWAYS_SEARCH_USER_PATHS = NO;
				CLANG_CXX_LANGUAGE_STANDARD = "gnu++0x";
				CLANG_CXX_LIBRARY = "libc++";
				CLANG_ENABLE_OBJC_ARC = YES;
				CLANG_WARN_BOOL_CONVERSION = YES;
				CLANG_WARN_CONSTANT_CONVERSION = YES;
				CLANG_WARN_DIRECT_OBJC_ISA_USAGE = YES_ERROR;
				CLANG_WARN_EMPTY_BODY = YES;
				CLANG_WARN_ENUM_CONVERSION = YES;
				CLANG_WARN_INT_CONVERSION = YES;
				CLANG_WARN_OBJC_ROOT_CLASS = YES_ERROR;
				CLANG_WARN__DUPLICATE_METHOD_MATCH = YES;
				COPY_PHASE_STRIP = YES;
				DEBUG_INFORMATION_FORMAT = "dwarf-with-dsym";
				ENABLE_NS_ASSERTIONS = NO;
				GCC_C_LANGUAGE_STANDARD = gnu99;
				GCC_ENABLE_OBJC_EXCEPTIONS = YES;
				GCC_WARN_64_TO_32_BIT_CONVERSION = YES;
				GCC_WARN_ABOUT_RETURN_TYPE = YES_ERROR;
				GCC_WARN_UNDECLARED_SELECTOR = YES;
				GCC_WARN_UNINITIALIZED_AUTOS = YES;
				GCC_WARN_UNUSED_FUNCTION = YES;
				GCC_WARN_UNUSED_VARIABLE = YES;
				MACOSX_DEPLOYMENT_TARGET = 10.9;
				SDKROOT = macosx;
			};
			name = Release;
		};
		BABEBEDF19C4474900010636 /* Debug */ = {
			isa = XCBuildConfiguration;
			buildSettings = {
				ALWAYS_SEARCH_USER_PATHS = YES;
				HEADER_SEARCH_PATHS = (
					"$(inherited)",
					/Applications/Xcode.app/Contents/Developer/Toolchains/XcodeDefault.xctoolchain/usr/include,
					"$(SRCROOT)/QBase",
				);
				PRODUCT_NAME = "$(TARGET_NAME)";
			};
			name = Debug;
		};
		BABEBEE019C4474900010636 /* Release */ = {
			isa = XCBuildConfiguration;
			buildSettings = {
				ALWAYS_SEARCH_USER_PATHS = YES;
				HEADER_SEARCH_PATHS = (
					"$(inherited)",
					/Applications/Xcode.app/Contents/Developer/Toolchains/XcodeDefault.xctoolchain/usr/include,
					"$(SRCROOT)/QBase",
				);
				PRODUCT_NAME = "$(TARGET_NAME)";
			};
			name = Release;
		};
		BAD0C5DB19E79FF7005B3784 /* Debug */ = {
			isa = XCBuildConfiguration;
			buildSettings = {
				EXECUTABLE_PREFIX = lib;
				GCC_PREPROCESSOR_DEFINITIONS = (
					"DEBUG=1",
					"$(inherited)",
				);
				HEADER_SEARCH_PATHS = (
					"$(inherited)",
					/Applications/Xcode.app/Contents/Developer/Toolchains/XcodeDefault.xctoolchain/usr/include,
					"$(SRCROOT)/QBase",
				);
				PRODUCT_NAME = "$(TARGET_NAME)";
			};
			name = Debug;
		};
		BAD0C5DC19E79FF7005B3784 /* Release */ = {
			isa = XCBuildConfiguration;
			buildSettings = {
				EXECUTABLE_PREFIX = lib;
				HEADER_SEARCH_PATHS = (
					"$(inherited)",
					/Applications/Xcode.app/Contents/Developer/Toolchains/XcodeDefault.xctoolchain/usr/include,
					"$(SRCROOT)/QBase",
				);
				PRODUCT_NAME = "$(TARGET_NAME)";
			};
			name = Release;
		};
		BADC7D7819D6BC700036858E /* Debug */ = {
			isa = XCBuildConfiguration;
			buildSettings = {
				GCC_PREPROCESSOR_DEFINITIONS = (
					"DEBUG=1",
					"$(inherited)",
				);
				HEADER_SEARCH_PATHS = (
					"$(inherited)",
					/Applications/Xcode.app/Contents/Developer/Toolchains/XcodeDefault.xctoolchain/usr/include,
					"$(SRCROOT)/QedisLib",
				);
				PRODUCT_NAME = "$(TARGET_NAME)";
			};
			name = Debug;
		};
		BADC7D7919D6BC700036858E /* Release */ = {
			isa = XCBuildConfiguration;
			buildSettings = {
				HEADER_SEARCH_PATHS = (
					"$(inherited)",
					/Applications/Xcode.app/Contents/Developer/Toolchains/XcodeDefault.xctoolchain/usr/include,
					"$(SRCROOT)/QedisLib",
				);
				PRODUCT_NAME = "$(TARGET_NAME)";
			};
			name = Release;
		};
		BAFC83FF19C44AE800C18B22 /* Debug */ = {
			isa = XCBuildConfiguration;
			buildSettings = {
				EXECUTABLE_PREFIX = lib;
				GCC_PREPROCESSOR_DEFINITIONS = (
					"DEBUG=1",
					"$(inherited)",
				);
				PRODUCT_NAME = "$(TARGET_NAME)";
			};
			name = Debug;
		};
		BAFC840019C44AE800C18B22 /* Release */ = {
			isa = XCBuildConfiguration;
			buildSettings = {
				EXECUTABLE_PREFIX = lib;
				PRODUCT_NAME = "$(TARGET_NAME)";
			};
			name = Release;
		};
/* End XCBuildConfiguration section */

/* Begin XCConfigurationList section */
		BABEBED019C4474900010636 /* Build configuration list for PBXProject "Qedis" */ = {
			isa = XCConfigurationList;
			buildConfigurations = (
				BABEBEDC19C4474900010636 /* Debug */,
				BABEBEDD19C4474900010636 /* Release */,
			);
			defaultConfigurationIsVisible = 0;
			defaultConfigurationName = Release;
		};
		BABEBEDE19C4474900010636 /* Build configuration list for PBXNativeTarget "Qedis" */ = {
			isa = XCConfigurationList;
			buildConfigurations = (
				BABEBEDF19C4474900010636 /* Debug */,
				BABEBEE019C4474900010636 /* Release */,
			);
			defaultConfigurationIsVisible = 0;
			defaultConfigurationName = Release;
		};
		BAD0C5DA19E79FF7005B3784 /* Build configuration list for PBXNativeTarget "qedislib" */ = {
			isa = XCConfigurationList;
			buildConfigurations = (
				BAD0C5DB19E79FF7005B3784 /* Debug */,
				BAD0C5DC19E79FF7005B3784 /* Release */,
			);
			defaultConfigurationIsVisible = 0;
		};
		BADC7D7719D6BC700036858E /* Build configuration list for PBXNativeTarget "UnitTest" */ = {
			isa = XCConfigurationList;
			buildConfigurations = (
				BADC7D7819D6BC700036858E /* Debug */,
				BADC7D7919D6BC700036858E /* Release */,
			);
			defaultConfigurationIsVisible = 0;
			defaultConfigurationName = Release;
		};
		BAFC840119C44AE800C18B22 /* Build configuration list for PBXNativeTarget "qbaselib" */ = {
			isa = XCConfigurationList;
			buildConfigurations = (
				BAFC83FF19C44AE800C18B22 /* Debug */,
				BAFC840019C44AE800C18B22 /* Release */,
			);
			defaultConfigurationIsVisible = 0;
			defaultConfigurationName = Release;
		};
/* End XCConfigurationList section */
	};
	rootObject = BABEBECD19C4474900010636 /* Project object */;
}
