// !$*UTF8*$!
{
	archiveVersion = 1;
	classes = {
	};
	objectVersion = 46;
	objects = {

/* Begin PBXBuildFile section */
		BAFC847219C44AFD00C18B22 /* Buffer.h in Headers */ = {isa = PBXBuildFile; fileRef = BAFC840219C44AFD00C18B22 /* Buffer.h */; };
		BAFC847319C44AFD00C18B22 /* ClientSocket.cc in Sources */ = {isa = PBXBuildFile; fileRef = BAFC840419C44AFD00C18B22 /* ClientSocket.cc */; };
		BAFC847419C44AFD00C18B22 /* ClientSocket.h in Headers */ = {isa = PBXBuildFile; fileRef = BAFC840519C44AFD00C18B22 /* ClientSocket.h */; };
		BAFC847519C44AFD00C18B22 /* ConfigParser.cc in Sources */ = {isa = PBXBuildFile; fileRef = BAFC840719C44AFD00C18B22 /* ConfigParser.cc */; };
		BAFC847619C44AFD00C18B22 /* ConfigParser.h in Headers */ = {isa = PBXBuildFile; fileRef = BAFC840819C44AFD00C18B22 /* ConfigParser.h */; };
		BAFC847719C44AFD00C18B22 /* EPoller.cc in Sources */ = {isa = PBXBuildFile; fileRef = BAFC840919C44AFD00C18B22 /* EPoller.cc */; };
		BAFC847819C44AFD00C18B22 /* EPoller.h in Headers */ = {isa = PBXBuildFile; fileRef = BAFC840A19C44AFD00C18B22 /* EPoller.h */; };
		BAFC847919C44AFD00C18B22 /* Kqueue.cc in Sources */ = {isa = PBXBuildFile; fileRef = BAFC840B19C44AFD00C18B22 /* Kqueue.cc */; };
		BAFC847A19C44AFD00C18B22 /* Kqueue.h in Headers */ = {isa = PBXBuildFile; fileRef = BAFC840C19C44AFD00C18B22 /* Kqueue.h */; };
		BAFC847B19C44AFD00C18B22 /* ListenSocket.cc in Sources */ = {isa = PBXBuildFile; fileRef = BAFC840D19C44AFD00C18B22 /* ListenSocket.cc */; };
		BAFC847C19C44AFD00C18B22 /* ListenSocket.h in Headers */ = {isa = PBXBuildFile; fileRef = BAFC840E19C44AFD00C18B22 /* ListenSocket.h */; };
		BAFC847D19C44AFD00C18B22 /* Logger.cc in Sources */ = {isa = PBXBuildFile; fileRef = BAFC841019C44AFD00C18B22 /* Logger.cc */; };
		BAFC847E19C44AFD00C18B22 /* Logger.h in Headers */ = {isa = PBXBuildFile; fileRef = BAFC841119C44AFD00C18B22 /* Logger.h */; };
		BAFC848519C44AFD00C18B22 /* MemoryPool.cc in Sources */ = {isa = PBXBuildFile; fileRef = BAFC841D19C44AFD00C18B22 /* MemoryPool.cc */; };
		BAFC848619C44AFD00C18B22 /* MemoryPool.h in Headers */ = {isa = PBXBuildFile; fileRef = BAFC841F19C44AFD00C18B22 /* MemoryPool.h */; };
		BAFC848E19C44AFD00C18B22 /* NetThreadPool.cc in Sources */ = {isa = PBXBuildFile; fileRef = BAFC842A19C44AFD00C18B22 /* NetThreadPool.cc */; };
		BAFC848F19C44AFD00C18B22 /* NetThreadPool.h in Headers */ = {isa = PBXBuildFile; fileRef = BAFC842B19C44AFD00C18B22 /* NetThreadPool.h */; };
		BAFC849019C44AFD00C18B22 /* Poller.h in Headers */ = {isa = PBXBuildFile; fileRef = BAFC842C19C44AFD00C18B22 /* Poller.h */; };
		BAFC849119C44AFD00C18B22 /* Server.cc in Sources */ = {isa = PBXBuildFile; fileRef = BAFC842D19C44AFD00C18B22 /* Server.cc */; };
		BAFC849219C44AFD00C18B22 /* Server.h in Headers */ = {isa = PBXBuildFile; fileRef = BAFC842E19C44AFD00C18B22 /* Server.h */; };
		BAFC849319C44AFD00C18B22 /* CounterBase.h in Headers */ = {isa = PBXBuildFile; fileRef = BAFC843319C44AFD00C18B22 /* CounterBase.h */; };
		BAFC849419C44AFD00C18B22 /* CounterImpl.h in Headers */ = {isa = PBXBuildFile; fileRef = BAFC843419C44AFD00C18B22 /* CounterImpl.h */; };
		BAFC849519C44AFD00C18B22 /* EnableShareMe.h in Headers */ = {isa = PBXBuildFile; fileRef = BAFC843519C44AFD00C18B22 /* EnableShareMe.h */; };
		BAFC849619C44AFD00C18B22 /* MakeShared.h in Headers */ = {isa = PBXBuildFile; fileRef = BAFC843619C44AFD00C18B22 /* MakeShared.h */; };
		BAFC849719C44AFD00C18B22 /* SharedPtr.h in Headers */ = {isa = PBXBuildFile; fileRef = BAFC843719C44AFD00C18B22 /* SharedPtr.h */; };
		BAFC849E19C44AFD00C18B22 /* UniquePtr.h in Headers */ = {isa = PBXBuildFile; fileRef = BAFC844119C44AFD00C18B22 /* UniquePtr.h */; };
		BAFC849F19C44AFD00C18B22 /* WeakPtr.h in Headers */ = {isa = PBXBuildFile; fileRef = BAFC844219C44AFD00C18B22 /* WeakPtr.h */; };
		BAFC84B719C44AFD00C18B22 /* Socket.cc in Sources */ = {isa = PBXBuildFile; fileRef = BAFC846019C44AFD00C18B22 /* Socket.cc */; };
		BAFC84B819C44AFD00C18B22 /* Socket.h in Headers */ = {isa = PBXBuildFile; fileRef = BAFC846119C44AFD00C18B22 /* Socket.h */; };
		BAFC84B919C44AFD00C18B22 /* StreamSocket.cc in Sources */ = {isa = PBXBuildFile; fileRef = BAFC846219C44AFD00C18B22 /* StreamSocket.cc */; };
		BAFC84BA19C44AFD00C18B22 /* StreamSocket.h in Headers */ = {isa = PBXBuildFile; fileRef = BAFC846319C44AFD00C18B22 /* StreamSocket.h */; };
		BAFC84BB19C44AFD00C18B22 /* TaskManager.cc in Sources */ = {isa = PBXBuildFile; fileRef = BAFC846419C44AFD00C18B22 /* TaskManager.cc */; };
		BAFC84BC19C44AFD00C18B22 /* TaskManager.h in Headers */ = {isa = PBXBuildFile; fileRef = BAFC846519C44AFD00C18B22 /* TaskManager.h */; };
		BAFC84BD19C44AFD00C18B22 /* Atomic.h in Headers */ = {isa = PBXBuildFile; fileRef = BAFC846719C44AFD00C18B22 /* Atomic.h */; };
		BAFC84BE19C44AFD00C18B22 /* IPC.cc in Sources */ = {isa = PBXBuildFile; fileRef = BAFC846819C44AFD00C18B22 /* IPC.cc */; };
		BAFC84BF19C44AFD00C18B22 /* IPC.h in Headers */ = {isa = PBXBuildFile; fileRef = BAFC846919C44AFD00C18B22 /* IPC.h */; };
		BAFC84C019C44AFD00C18B22 /* Thread.cc in Sources */ = {isa = PBXBuildFile; fileRef = BAFC846A19C44AFD00C18B22 /* Thread.cc */; };
		BAFC84C119C44AFD00C18B22 /* Thread.h in Headers */ = {isa = PBXBuildFile; fileRef = BAFC846B19C44AFD00C18B22 /* Thread.h */; };
		BAFC84C219C44AFD00C18B22 /* ThreadPool.cc in Sources */ = {isa = PBXBuildFile; fileRef = BAFC846C19C44AFD00C18B22 /* ThreadPool.cc */; };
		BAFC84C319C44AFD00C18B22 /* ThreadPool.h in Headers */ = {isa = PBXBuildFile; fileRef = BAFC846D19C44AFD00C18B22 /* ThreadPool.h */; };
		BAFC84C419C44AFD00C18B22 /* Timer.cc in Sources */ = {isa = PBXBuildFile; fileRef = BAFC846E19C44AFD00C18B22 /* Timer.cc */; };
		BAFC84C519C44AFD00C18B22 /* Timer.h in Headers */ = {isa = PBXBuildFile; fileRef = BAFC846F19C44AFD00C18B22 /* Timer.h */; };
		BAFC84C619C44AFD00C18B22 /* UnboundedBuffer.cc in Sources */ = {isa = PBXBuildFile; fileRef = BAFC847019C44AFD00C18B22 /* UnboundedBuffer.cc */; };
		BAFC84C719C44AFD00C18B22 /* UnboundedBuffer.h in Headers */ = {isa = PBXBuildFile; fileRef = BAFC847119C44AFD00C18B22 /* UnboundedBuffer.h */; };
		BAFC84D619C44E7100C18B22 /* libqbaselib.a in Frameworks */ = {isa = PBXBuildFile; fileRef = BAFC83FE19C44AE800C18B22 /* libqbaselib.a */; };
		BAFC84F319C49E1100C18B22 /* IntSet.cc in Sources */ = {isa = PBXBuildFile; fileRef = BAFC84D819C49E1100C18B22 /* IntSet.cc */; };
		BAFC84F419C49E1100C18B22 /* QClient.cc in Sources */ = {isa = PBXBuildFile; fileRef = BAFC84DA19C49E1100C18B22 /* QClient.cc */; };
		BAFC84F519C49E1100C18B22 /* QCommand.cc in Sources */ = {isa = PBXBuildFile; fileRef = BAFC84DC19C49E1100C18B22 /* QCommand.cc */; };
		BAFC84F619C49E1100C18B22 /* QCommon.cc in Sources */ = {isa = PBXBuildFile; fileRef = BAFC84DE19C49E1100C18B22 /* QCommon.cc */; };
		BAFC84F719C49E1100C18B22 /* Qedis.cc in Sources */ = {isa = PBXBuildFile; fileRef = BAFC84E119C49E1100C18B22 /* Qedis.cc */; };
		BAFC84F819C49E1100C18B22 /* QHash.cc in Sources */ = {isa = PBXBuildFile; fileRef = BAFC84E219C49E1100C18B22 /* QHash.cc */; };
		BAFC84F919C49E1100C18B22 /* QKeyCommand.cc in Sources */ = {isa = PBXBuildFile; fileRef = BAFC84E419C49E1100C18B22 /* QKeyCommand.cc */; };
		BAFC84FA19C49E1100C18B22 /* QList.cc in Sources */ = {isa = PBXBuildFile; fileRef = BAFC84E519C49E1100C18B22 /* QList.cc */; };
		BAFC84FB19C49E1100C18B22 /* QServerCommand.cc in Sources */ = {isa = PBXBuildFile; fileRef = BAFC84E719C49E1100C18B22 /* QServerCommand.cc */; };
		BAFC84FC19C49E1100C18B22 /* QSet.cc in Sources */ = {isa = PBXBuildFile; fileRef = BAFC84E819C49E1100C18B22 /* QSet.cc */; };
		BAFC84FD19C49E1100C18B22 /* QStat.cc in Sources */ = {isa = PBXBuildFile; fileRef = BAFC84EB19C49E1100C18B22 /* QStat.cc */; };
		BAFC84FE19C49E1100C18B22 /* QStore.cc in Sources */ = {isa = PBXBuildFile; fileRef = BAFC84ED19C49E1100C18B22 /* QStore.cc */; };
		BAFC84FF19C49E1100C18B22 /* QString.cc in Sources */ = {isa = PBXBuildFile; fileRef = BAFC84EF19C49E1100C18B22 /* QString.cc */; };
		BAFC850019C49E1100C18B22 /* util.cc in Sources */ = {isa = PBXBuildFile; fileRef = BAFC84F119C49E1100C18B22 /* util.cc */; };
/* End PBXBuildFile section */

/* Begin PBXContainerItemProxy section */
		BAFC84D419C44B6800C18B22 /* PBXContainerItemProxy */ = {
			isa = PBXContainerItemProxy;
			containerPortal = BABEBECD19C4474900010636 /* Project object */;
			proxyType = 1;
			remoteGlobalIDString = BAFC83FD19C44AE800C18B22;
			remoteInfo = qbaselib;
		};
/* End PBXContainerItemProxy section */

/* Begin PBXCopyFilesBuildPhase section */
		BABEBED319C4474900010636 /* CopyFiles */ = {
			isa = PBXCopyFilesBuildPhase;
			buildActionMask = 2147483647;
			dstPath = /usr/share/man/man1/;
			dstSubfolderSpec = 0;
			files = (
			);
			runOnlyForDeploymentPostprocessing = 1;
		};
/* End PBXCopyFilesBuildPhase section */

/* Begin PBXFileReference section */
		BABEBED519C4474900010636 /* Qedis */ = {isa = PBXFileReference; explicitFileType = "compiled.mach-o.executable"; includeInIndex = 0; path = Qedis; sourceTree = BUILT_PRODUCTS_DIR; };
		BAFC83FE19C44AE800C18B22 /* libqbaselib.a */ = {isa = PBXFileReference; explicitFileType = archive.ar; includeInIndex = 0; path = libqbaselib.a; sourceTree = BUILT_PRODUCTS_DIR; };
		BAFC840219C44AFD00C18B22 /* Buffer.h */ = {isa = PBXFileReference; fileEncoding = 4; lastKnownFileType = sourcecode.c.h; name = Buffer.h; path = QBase/Buffer.h; sourceTree = "<group>"; };
		BAFC840419C44AFD00C18B22 /* ClientSocket.cc */ = {isa = PBXFileReference; fileEncoding = 4; lastKnownFileType = sourcecode.cpp.cpp; name = ClientSocket.cc; path = QBase/ClientSocket.cc; sourceTree = "<group>"; };
		BAFC840519C44AFD00C18B22 /* ClientSocket.h */ = {isa = PBXFileReference; fileEncoding = 4; lastKnownFileType = sourcecode.c.h; name = ClientSocket.h; path = QBase/ClientSocket.h; sourceTree = "<group>"; };
		BAFC840619C44AFD00C18B22 /* CMakeLists.txt */ = {isa = PBXFileReference; fileEncoding = 4; lastKnownFileType = text; name = CMakeLists.txt; path = QBase/CMakeLists.txt; sourceTree = "<group>"; };
		BAFC840719C44AFD00C18B22 /* ConfigParser.cc */ = {isa = PBXFileReference; fileEncoding = 4; lastKnownFileType = sourcecode.cpp.cpp; name = ConfigParser.cc; path = QBase/ConfigParser.cc; sourceTree = "<group>"; };
		BAFC840819C44AFD00C18B22 /* ConfigParser.h */ = {isa = PBXFileReference; fileEncoding = 4; lastKnownFileType = sourcecode.c.h; name = ConfigParser.h; path = QBase/ConfigParser.h; sourceTree = "<group>"; };
		BAFC840919C44AFD00C18B22 /* EPoller.cc */ = {isa = PBXFileReference; fileEncoding = 4; lastKnownFileType = sourcecode.cpp.cpp; name = EPoller.cc; path = QBase/EPoller.cc; sourceTree = "<group>"; };
		BAFC840A19C44AFD00C18B22 /* EPoller.h */ = {isa = PBXFileReference; fileEncoding = 4; lastKnownFileType = sourcecode.c.h; name = EPoller.h; path = QBase/EPoller.h; sourceTree = "<group>"; };
		BAFC840B19C44AFD00C18B22 /* Kqueue.cc */ = {isa = PBXFileReference; fileEncoding = 4; lastKnownFileType = sourcecode.cpp.cpp; name = Kqueue.cc; path = QBase/Kqueue.cc; sourceTree = "<group>"; };
		BAFC840C19C44AFD00C18B22 /* Kqueue.h */ = {isa = PBXFileReference; fileEncoding = 4; lastKnownFileType = sourcecode.c.h; name = Kqueue.h; path = QBase/Kqueue.h; sourceTree = "<group>"; };
		BAFC840D19C44AFD00C18B22 /* ListenSocket.cc */ = {isa = PBXFileReference; fileEncoding = 4; lastKnownFileType = sourcecode.cpp.cpp; name = ListenSocket.cc; path = QBase/ListenSocket.cc; sourceTree = "<group>"; };
		BAFC840E19C44AFD00C18B22 /* ListenSocket.h */ = {isa = PBXFileReference; fileEncoding = 4; lastKnownFileType = sourcecode.c.h; name = ListenSocket.h; path = QBase/ListenSocket.h; sourceTree = "<group>"; };
		BAFC841019C44AFD00C18B22 /* Logger.cc */ = {isa = PBXFileReference; fileEncoding = 4; lastKnownFileType = sourcecode.cpp.cpp; path = Logger.cc; sourceTree = "<group>"; };
		BAFC841119C44AFD00C18B22 /* Logger.h */ = {isa = PBXFileReference; fileEncoding = 4; lastKnownFileType = sourcecode.c.h; path = Logger.h; sourceTree = "<group>"; };
		BAFC841D19C44AFD00C18B22 /* MemoryPool.cc */ = {isa = PBXFileReference; fileEncoding = 4; lastKnownFileType = sourcecode.cpp.cpp; name = MemoryPool.cc; path = QBase/MemoryPool.cc; sourceTree = "<group>"; };
		BAFC841F19C44AFD00C18B22 /* MemoryPool.h */ = {isa = PBXFileReference; fileEncoding = 4; lastKnownFileType = sourcecode.c.h; name = MemoryPool.h; path = QBase/MemoryPool.h; sourceTree = "<group>"; };
		BAFC842A19C44AFD00C18B22 /* NetThreadPool.cc */ = {isa = PBXFileReference; fileEncoding = 4; lastKnownFileType = sourcecode.cpp.cpp; name = NetThreadPool.cc; path = QBase/NetThreadPool.cc; sourceTree = "<group>"; };
		BAFC842B19C44AFD00C18B22 /* NetThreadPool.h */ = {isa = PBXFileReference; fileEncoding = 4; lastKnownFileType = sourcecode.c.h; name = NetThreadPool.h; path = QBase/NetThreadPool.h; sourceTree = "<group>"; };
		BAFC842C19C44AFD00C18B22 /* Poller.h */ = {isa = PBXFileReference; fileEncoding = 4; lastKnownFileType = sourcecode.c.h; name = Poller.h; path = QBase/Poller.h; sourceTree = "<group>"; };
		BAFC842D19C44AFD00C18B22 /* Server.cc */ = {isa = PBXFileReference; fileEncoding = 4; lastKnownFileType = sourcecode.cpp.cpp; name = Server.cc; path = QBase/Server.cc; sourceTree = "<group>"; };
		BAFC842E19C44AFD00C18B22 /* Server.h */ = {isa = PBXFileReference; fileEncoding = 4; lastKnownFileType = sourcecode.c.h; name = Server.h; path = QBase/Server.h; sourceTree = "<group>"; };
		BAFC843319C44AFD00C18B22 /* CounterBase.h */ = {isa = PBXFileReference; fileEncoding = 4; lastKnownFileType = sourcecode.c.h; path = CounterBase.h; sourceTree = "<group>"; };
		BAFC843419C44AFD00C18B22 /* CounterImpl.h */ = {isa = PBXFileReference; fileEncoding = 4; lastKnownFileType = sourcecode.c.h; path = CounterImpl.h; sourceTree = "<group>"; };
		BAFC843519C44AFD00C18B22 /* EnableShareMe.h */ = {isa = PBXFileReference; fileEncoding = 4; lastKnownFileType = sourcecode.c.h; path = EnableShareMe.h; sourceTree = "<group>"; };
		BAFC843619C44AFD00C18B22 /* MakeShared.h */ = {isa = PBXFileReference; fileEncoding = 4; lastKnownFileType = sourcecode.c.h; path = MakeShared.h; sourceTree = "<group>"; };
		BAFC843719C44AFD00C18B22 /* SharedPtr.h */ = {isa = PBXFileReference; fileEncoding = 4; lastKnownFileType = sourcecode.c.h; path = SharedPtr.h; sourceTree = "<group>"; };
		BAFC844119C44AFD00C18B22 /* UniquePtr.h */ = {isa = PBXFileReference; fileEncoding = 4; lastKnownFileType = sourcecode.c.h; path = UniquePtr.h; sourceTree = "<group>"; };
		BAFC844219C44AFD00C18B22 /* WeakPtr.h */ = {isa = PBXFileReference; fileEncoding = 4; lastKnownFileType = sourcecode.c.h; path = WeakPtr.h; sourceTree = "<group>"; };
		BAFC846019C44AFD00C18B22 /* Socket.cc */ = {isa = PBXFileReference; fileEncoding = 4; lastKnownFileType = sourcecode.cpp.cpp; name = Socket.cc; path = QBase/Socket.cc; sourceTree = "<group>"; };
		BAFC846119C44AFD00C18B22 /* Socket.h */ = {isa = PBXFileReference; fileEncoding = 4; lastKnownFileType = sourcecode.c.h; name = Socket.h; path = QBase/Socket.h; sourceTree = "<group>"; };
		BAFC846219C44AFD00C18B22 /* StreamSocket.cc */ = {isa = PBXFileReference; fileEncoding = 4; lastKnownFileType = sourcecode.cpp.cpp; name = StreamSocket.cc; path = QBase/StreamSocket.cc; sourceTree = "<group>"; };
		BAFC846319C44AFD00C18B22 /* StreamSocket.h */ = {isa = PBXFileReference; fileEncoding = 4; lastKnownFileType = sourcecode.c.h; name = StreamSocket.h; path = QBase/StreamSocket.h; sourceTree = "<group>"; };
		BAFC846419C44AFD00C18B22 /* TaskManager.cc */ = {isa = PBXFileReference; fileEncoding = 4; lastKnownFileType = sourcecode.cpp.cpp; name = TaskManager.cc; path = QBase/TaskManager.cc; sourceTree = "<group>"; };
		BAFC846519C44AFD00C18B22 /* TaskManager.h */ = {isa = PBXFileReference; fileEncoding = 4; lastKnownFileType = sourcecode.c.h; name = TaskManager.h; path = QBase/TaskManager.h; sourceTree = "<group>"; };
		BAFC846719C44AFD00C18B22 /* Atomic.h */ = {isa = PBXFileReference; fileEncoding = 4; lastKnownFileType = sourcecode.c.h; path = Atomic.h; sourceTree = "<group>"; };
		BAFC846819C44AFD00C18B22 /* IPC.cc */ = {isa = PBXFileReference; fileEncoding = 4; lastKnownFileType = sourcecode.cpp.cpp; path = IPC.cc; sourceTree = "<group>"; };
		BAFC846919C44AFD00C18B22 /* IPC.h */ = {isa = PBXFileReference; fileEncoding = 4; lastKnownFileType = sourcecode.c.h; path = IPC.h; sourceTree = "<group>"; };
		BAFC846A19C44AFD00C18B22 /* Thread.cc */ = {isa = PBXFileReference; fileEncoding = 4; lastKnownFileType = sourcecode.cpp.cpp; path = Thread.cc; sourceTree = "<group>"; };
		BAFC846B19C44AFD00C18B22 /* Thread.h */ = {isa = PBXFileReference; fileEncoding = 4; lastKnownFileType = sourcecode.c.h; path = Thread.h; sourceTree = "<group>"; };
		BAFC846C19C44AFD00C18B22 /* ThreadPool.cc */ = {isa = PBXFileReference; fileEncoding = 4; lastKnownFileType = sourcecode.cpp.cpp; path = ThreadPool.cc; sourceTree = "<group>"; };
		BAFC846D19C44AFD00C18B22 /* ThreadPool.h */ = {isa = PBXFileReference; fileEncoding = 4; lastKnownFileType = sourcecode.c.h; path = ThreadPool.h; sourceTree = "<group>"; };
		BAFC846E19C44AFD00C18B22 /* Timer.cc */ = {isa = PBXFileReference; fileEncoding = 4; lastKnownFileType = sourcecode.cpp.cpp; name = Timer.cc; path = QBase/Timer.cc; sourceTree = "<group>"; };
		BAFC846F19C44AFD00C18B22 /* Timer.h */ = {isa = PBXFileReference; fileEncoding = 4; lastKnownFileType = sourcecode.c.h; name = Timer.h; path = QBase/Timer.h; sourceTree = "<group>"; };
		BAFC847019C44AFD00C18B22 /* UnboundedBuffer.cc */ = {isa = PBXFileReference; fileEncoding = 4; lastKnownFileType = sourcecode.cpp.cpp; name = UnboundedBuffer.cc; path = QBase/UnboundedBuffer.cc; sourceTree = "<group>"; };
		BAFC847119C44AFD00C18B22 /* UnboundedBuffer.h */ = {isa = PBXFileReference; fileEncoding = 4; lastKnownFileType = sourcecode.c.h; name = UnboundedBuffer.h; path = QBase/UnboundedBuffer.h; sourceTree = "<group>"; };
		BAFC84D719C49E1100C18B22 /* CMakeLists.txt */ = {isa = PBXFileReference; fileEncoding = 4; lastKnownFileType = text; name = CMakeLists.txt; path = QedisServer/CMakeLists.txt; sourceTree = SOURCE_ROOT; };
		BAFC84D819C49E1100C18B22 /* IntSet.cc */ = {isa = PBXFileReference; fileEncoding = 4; lastKnownFileType = sourcecode.cpp.cpp; name = IntSet.cc; path = QedisServer/IntSet.cc; sourceTree = SOURCE_ROOT; };
		BAFC84D919C49E1100C18B22 /* IntSet.h */ = {isa = PBXFileReference; fileEncoding = 4; lastKnownFileType = sourcecode.c.h; name = IntSet.h; path = QedisServer/IntSet.h; sourceTree = SOURCE_ROOT; };
		BAFC84DA19C49E1100C18B22 /* QClient.cc */ = {isa = PBXFileReference; fileEncoding = 4; lastKnownFileType = sourcecode.cpp.cpp; name = QClient.cc; path = QedisServer/QClient.cc; sourceTree = SOURCE_ROOT; };
		BAFC84DB19C49E1100C18B22 /* QClient.h */ = {isa = PBXFileReference; fileEncoding = 4; lastKnownFileType = sourcecode.c.h; name = QClient.h; path = QedisServer/QClient.h; sourceTree = SOURCE_ROOT; };
		BAFC84DC19C49E1100C18B22 /* QCommand.cc */ = {isa = PBXFileReference; fileEncoding = 4; lastKnownFileType = sourcecode.cpp.cpp; name = QCommand.cc; path = QedisServer/QCommand.cc; sourceTree = SOURCE_ROOT; };
		BAFC84DD19C49E1100C18B22 /* QCommand.h */ = {isa = PBXFileReference; fileEncoding = 4; lastKnownFileType = sourcecode.c.h; name = QCommand.h; path = QedisServer/QCommand.h; sourceTree = SOURCE_ROOT; };
		BAFC84DE19C49E1100C18B22 /* QCommon.cc */ = {isa = PBXFileReference; fileEncoding = 4; lastKnownFileType = sourcecode.cpp.cpp; name = QCommon.cc; path = QedisServer/QCommon.cc; sourceTree = SOURCE_ROOT; };
		BAFC84DF19C49E1100C18B22 /* QCommon.h */ = {isa = PBXFileReference; fileEncoding = 4; lastKnownFileType = sourcecode.c.h; name = QCommon.h; path = QedisServer/QCommon.h; sourceTree = SOURCE_ROOT; };
		BAFC84E019C49E1100C18B22 /* Qedis.1 */ = {isa = PBXFileReference; fileEncoding = 4; lastKnownFileType = text.man; name = Qedis.1; path = QedisServer/Qedis.1; sourceTree = SOURCE_ROOT; };
		BAFC84E119C49E1100C18B22 /* Qedis.cc */ = {isa = PBXFileReference; fileEncoding = 4; lastKnownFileType = sourcecode.cpp.cpp; name = Qedis.cc; path = QedisServer/Qedis.cc; sourceTree = SOURCE_ROOT; };
		BAFC84E219C49E1100C18B22 /* QHash.cc */ = {isa = PBXFileReference; fileEncoding = 4; lastKnownFileType = sourcecode.cpp.cpp; name = QHash.cc; path = QedisServer/QHash.cc; sourceTree = SOURCE_ROOT; };
		BAFC84E319C49E1100C18B22 /* QHash.h */ = {isa = PBXFileReference; fileEncoding = 4; lastKnownFileType = sourcecode.c.h; name = QHash.h; path = QedisServer/QHash.h; sourceTree = SOURCE_ROOT; };
		BAFC84E419C49E1100C18B22 /* QKeyCommand.cc */ = {isa = PBXFileReference; fileEncoding = 4; lastKnownFileType = sourcecode.cpp.cpp; name = QKeyCommand.cc; path = QedisServer/QKeyCommand.cc; sourceTree = SOURCE_ROOT; };
		BAFC84E519C49E1100C18B22 /* QList.cc */ = {isa = PBXFileReference; fileEncoding = 4; lastKnownFileType = sourcecode.cpp.cpp; name = QList.cc; path = QedisServer/QList.cc; sourceTree = SOURCE_ROOT; };
		BAFC84E619C49E1100C18B22 /* QList.h */ = {isa = PBXFileReference; fileEncoding = 4; lastKnownFileType = sourcecode.c.h; name = QList.h; path = QedisServer/QList.h; sourceTree = SOURCE_ROOT; };
		BAFC84E719C49E1100C18B22 /* QServerCommand.cc */ = {isa = PBXFileReference; fileEncoding = 4; lastKnownFileType = sourcecode.cpp.cpp; name = QServerCommand.cc; path = QedisServer/QServerCommand.cc; sourceTree = SOURCE_ROOT; };
		BAFC84E819C49E1100C18B22 /* QSet.cc */ = {isa = PBXFileReference; fileEncoding = 4; lastKnownFileType = sourcecode.cpp.cpp; name = QSet.cc; path = QedisServer/QSet.cc; sourceTree = SOURCE_ROOT; };
		BAFC84E919C49E1100C18B22 /* QSet.h */ = {isa = PBXFileReference; fileEncoding = 4; lastKnownFileType = sourcecode.c.h; name = QSet.h; path = QedisServer/QSet.h; sourceTree = SOURCE_ROOT; };
		BAFC84EA19C49E1100C18B22 /* QSkipList.h */ = {isa = PBXFileReference; fileEncoding = 4; lastKnownFileType = sourcecode.c.h; name = QSkipList.h; path = QedisServer/QSkipList.h; sourceTree = SOURCE_ROOT; };
		BAFC84EB19C49E1100C18B22 /* QStat.cc */ = {isa = PBXFileReference; fileEncoding = 4; lastKnownFileType = sourcecode.cpp.cpp; name = QStat.cc; path = QedisServer/QStat.cc; sourceTree = SOURCE_ROOT; };
		BAFC84EC19C49E1100C18B22 /* QStat.h */ = {isa = PBXFileReference; fileEncoding = 4; lastKnownFileType = sourcecode.c.h; name = QStat.h; path = QedisServer/QStat.h; sourceTree = SOURCE_ROOT; };
		BAFC84ED19C49E1100C18B22 /* QStore.cc */ = {isa = PBXFileReference; fileEncoding = 4; lastKnownFileType = sourcecode.cpp.cpp; name = QStore.cc; path = QedisServer/QStore.cc; sourceTree = SOURCE_ROOT; };
		BAFC84EE19C49E1100C18B22 /* QStore.h */ = {isa = PBXFileReference; fileEncoding = 4; lastKnownFileType = sourcecode.c.h; name = QStore.h; path = QedisServer/QStore.h; sourceTree = SOURCE_ROOT; };
		BAFC84EF19C49E1100C18B22 /* QString.cc */ = {isa = PBXFileReference; fileEncoding = 4; lastKnownFileType = sourcecode.cpp.cpp; name = QString.cc; path = QedisServer/QString.cc; sourceTree = SOURCE_ROOT; };
		BAFC84F019C49E1100C18B22 /* QString.h */ = {isa = PBXFileReference; fileEncoding = 4; lastKnownFileType = sourcecode.c.h; name = QString.h; path = QedisServer/QString.h; sourceTree = SOURCE_ROOT; };
		BAFC84F119C49E1100C18B22 /* util.cc */ = {isa = PBXFileReference; fileEncoding = 4; lastKnownFileType = sourcecode.cpp.cpp; name = util.cc; path = QedisServer/util.cc; sourceTree = SOURCE_ROOT; };
		BAFC84F219C49E1100C18B22 /* util.h */ = {isa = PBXFileReference; fileEncoding = 4; lastKnownFileType = sourcecode.c.h; name = util.h; path = QedisServer/util.h; sourceTree = SOURCE_ROOT; };
/* End PBXFileReference section */

/* Begin PBXFrameworksBuildPhase section */
		BABEBED219C4474900010636 /* Frameworks */ = {
			isa = PBXFrameworksBuildPhase;
			buildActionMask = 2147483647;
			files = (
				BAFC84D619C44E7100C18B22 /* libqbaselib.a in Frameworks */,
			);
			runOnlyForDeploymentPostprocessing = 0;
		};
		BAFC83FB19C44AE800C18B22 /* Frameworks */ = {
			isa = PBXFrameworksBuildPhase;
			buildActionMask = 2147483647;
			files = (
			);
			runOnlyForDeploymentPostprocessing = 0;
		};
/* End PBXFrameworksBuildPhase section */

/* Begin PBXGroup section */
		BAA158B219C44A0F007713F9 /* QBase */ = {
			isa = PBXGroup;
			children = (
				BAFC840219C44AFD00C18B22 /* Buffer.h */,
				BAFC840419C44AFD00C18B22 /* ClientSocket.cc */,
				BAFC840519C44AFD00C18B22 /* ClientSocket.h */,
				BAFC840619C44AFD00C18B22 /* CMakeLists.txt */,
				BAFC840719C44AFD00C18B22 /* ConfigParser.cc */,
				BAFC840819C44AFD00C18B22 /* ConfigParser.h */,
				BAFC840919C44AFD00C18B22 /* EPoller.cc */,
				BAFC840A19C44AFD00C18B22 /* EPoller.h */,
				BAFC840B19C44AFD00C18B22 /* Kqueue.cc */,
				BAFC840C19C44AFD00C18B22 /* Kqueue.h */,
				BAFC840D19C44AFD00C18B22 /* ListenSocket.cc */,
				BAFC840E19C44AFD00C18B22 /* ListenSocket.h */,
				BAFC840F19C44AFD00C18B22 /* Log */,
				BAFC841D19C44AFD00C18B22 /* MemoryPool.cc */,
				BAFC841F19C44AFD00C18B22 /* MemoryPool.h */,
				BAFC842A19C44AFD00C18B22 /* NetThreadPool.cc */,
				BAFC842B19C44AFD00C18B22 /* NetThreadPool.h */,
				BAFC842C19C44AFD00C18B22 /* Poller.h */,
				BAFC842D19C44AFD00C18B22 /* Server.cc */,
				BAFC842E19C44AFD00C18B22 /* Server.h */,
				BAFC843219C44AFD00C18B22 /* SmartPtr */,
				BAFC846019C44AFD00C18B22 /* Socket.cc */,
				BAFC846119C44AFD00C18B22 /* Socket.h */,
				BAFC846219C44AFD00C18B22 /* StreamSocket.cc */,
				BAFC846319C44AFD00C18B22 /* StreamSocket.h */,
				BAFC846419C44AFD00C18B22 /* TaskManager.cc */,
				BAFC846519C44AFD00C18B22 /* TaskManager.h */,
				BAFC846619C44AFD00C18B22 /* Threads */,
				BAFC846E19C44AFD00C18B22 /* Timer.cc */,
				BAFC846F19C44AFD00C18B22 /* Timer.h */,
				BAFC847019C44AFD00C18B22 /* UnboundedBuffer.cc */,
				BAFC847119C44AFD00C18B22 /* UnboundedBuffer.h */,
			);
			name = QBase;
			sourceTree = "<group>";
		};
		BABEBECC19C4474900010636 = {
			isa = PBXGroup;
			children = (
				BAA158B219C44A0F007713F9 /* QBase */,
				BABEBED719C4474900010636 /* QedisServer */,
				BABEBED619C4474900010636 /* Products */,
			);
			sourceTree = "<group>";
		};
		BABEBED619C4474900010636 /* Products */ = {
			isa = PBXGroup;
			children = (
				BABEBED519C4474900010636 /* Qedis */,
				BAFC83FE19C44AE800C18B22 /* libqbaselib.a */,
			);
			name = Products;
			sourceTree = "<group>";
		};
		BABEBED719C4474900010636 /* QedisServer */ = {
			isa = PBXGroup;
			children = (
				BAFC84D719C49E1100C18B22 /* CMakeLists.txt */,
				BAFC84D819C49E1100C18B22 /* IntSet.cc */,
				BAFC84D919C49E1100C18B22 /* IntSet.h */,
				BAFC84DA19C49E1100C18B22 /* QClient.cc */,
				BAFC84DB19C49E1100C18B22 /* QClient.h */,
				BAFC84DC19C49E1100C18B22 /* QCommand.cc */,
				BAFC84DD19C49E1100C18B22 /* QCommand.h */,
				BAFC84DE19C49E1100C18B22 /* QCommon.cc */,
				BAFC84DF19C49E1100C18B22 /* QCommon.h */,
				BAFC84E019C49E1100C18B22 /* Qedis.1 */,
				BAFC84E119C49E1100C18B22 /* Qedis.cc */,
				BAFC84E219C49E1100C18B22 /* QHash.cc */,
				BAFC84E319C49E1100C18B22 /* QHash.h */,
				BAFC84E419C49E1100C18B22 /* QKeyCommand.cc */,
				BAFC84E519C49E1100C18B22 /* QList.cc */,
				BAFC84E619C49E1100C18B22 /* QList.h */,
				BAFC84E719C49E1100C18B22 /* QServerCommand.cc */,
				BAFC84E819C49E1100C18B22 /* QSet.cc */,
				BAFC84E919C49E1100C18B22 /* QSet.h */,
				BAFC84EA19C49E1100C18B22 /* QSkipList.h */,
				BAFC84EB19C49E1100C18B22 /* QStat.cc */,
				BAFC84EC19C49E1100C18B22 /* QStat.h */,
				BAFC84ED19C49E1100C18B22 /* QStore.cc */,
				BAFC84EE19C49E1100C18B22 /* QStore.h */,
				BAFC84EF19C49E1100C18B22 /* QString.cc */,
				BAFC84F019C49E1100C18B22 /* QString.h */,
				BAFC84F119C49E1100C18B22 /* util.cc */,
				BAFC84F219C49E1100C18B22 /* util.h */,
			);
			name = QedisServer;
			path = Qedis;
			sourceTree = "<group>";
		};
		BAFC840F19C44AFD00C18B22 /* Log */ = {
			isa = PBXGroup;
			children = (
				BAFC841019C44AFD00C18B22 /* Logger.cc */,
				BAFC841119C44AFD00C18B22 /* Logger.h */,
			);
			name = Log;
			path = QBase/Log;
			sourceTree = "<group>";
		};
		BAFC843219C44AFD00C18B22 /* SmartPtr */ = {
			isa = PBXGroup;
			children = (
				BAFC843319C44AFD00C18B22 /* CounterBase.h */,
				BAFC843419C44AFD00C18B22 /* CounterImpl.h */,
				BAFC843519C44AFD00C18B22 /* EnableShareMe.h */,
				BAFC843619C44AFD00C18B22 /* MakeShared.h */,
				BAFC843719C44AFD00C18B22 /* SharedPtr.h */,
				BAFC844119C44AFD00C18B22 /* UniquePtr.h */,
				BAFC844219C44AFD00C18B22 /* WeakPtr.h */,
			);
			name = SmartPtr;
			path = QBase/SmartPtr;
			sourceTree = "<group>";
		};
		BAFC846619C44AFD00C18B22 /* Threads */ = {
			isa = PBXGroup;
			children = (
				BAFC846719C44AFD00C18B22 /* Atomic.h */,
				BAFC846819C44AFD00C18B22 /* IPC.cc */,
				BAFC846919C44AFD00C18B22 /* IPC.h */,
				BAFC846A19C44AFD00C18B22 /* Thread.cc */,
				BAFC846B19C44AFD00C18B22 /* Thread.h */,
				BAFC846C19C44AFD00C18B22 /* ThreadPool.cc */,
				BAFC846D19C44AFD00C18B22 /* ThreadPool.h */,
			);
			name = Threads;
			path = QBase/Threads;
			sourceTree = "<group>";
		};
/* End PBXGroup section */

/* Begin PBXHeadersBuildPhase section */
		BAFC83FC19C44AE800C18B22 /* Headers */ = {
			isa = PBXHeadersBuildPhase;
			buildActionMask = 2147483647;
			files = (
				BAFC84BC19C44AFD00C18B22 /* TaskManager.h in Headers */,
				BAFC84C519C44AFD00C18B22 /* Timer.h in Headers */,
				BAFC84BD19C44AFD00C18B22 /* Atomic.h in Headers */,
				BAFC84C719C44AFD00C18B22 /* UnboundedBuffer.h in Headers */,
				BAFC84BA19C44AFD00C18B22 /* StreamSocket.h in Headers */,
				BAFC849419C44AFD00C18B22 /* CounterImpl.h in Headers */,
				BAFC849319C44AFD00C18B22 /* CounterBase.h in Headers */,
				BAFC84BF19C44AFD00C18B22 /* IPC.h in Headers */,
				BAFC848619C44AFD00C18B22 /* MemoryPool.h in Headers */,
				BAFC84C319C44AFD00C18B22 /* ThreadPool.h in Headers */,
				BAFC847419C44AFD00C18B22 /* ClientSocket.h in Headers */,
				BAFC847E19C44AFD00C18B22 /* Logger.h in Headers */,
				BAFC847A19C44AFD00C18B22 /* Kqueue.h in Headers */,
				BAFC84B819C44AFD00C18B22 /* Socket.h in Headers */,
				BAFC848F19C44AFD00C18B22 /* NetThreadPool.h in Headers */,
				BAFC847219C44AFD00C18B22 /* Buffer.h in Headers */,
				BAFC849619C44AFD00C18B22 /* MakeShared.h in Headers */,
				BAFC849719C44AFD00C18B22 /* SharedPtr.h in Headers */,
				BAFC849519C44AFD00C18B22 /* EnableShareMe.h in Headers */,
				BAFC849F19C44AFD00C18B22 /* WeakPtr.h in Headers */,
				BAFC847819C44AFD00C18B22 /* EPoller.h in Headers */,
				BAFC849019C44AFD00C18B22 /* Poller.h in Headers */,
				BAFC849219C44AFD00C18B22 /* Server.h in Headers */,
				BAFC847C19C44AFD00C18B22 /* ListenSocket.h in Headers */,
				BAFC849E19C44AFD00C18B22 /* UniquePtr.h in Headers */,
				BAFC84C119C44AFD00C18B22 /* Thread.h in Headers */,
				BAFC847619C44AFD00C18B22 /* ConfigParser.h in Headers */,
			);
			runOnlyForDeploymentPostprocessing = 0;
		};
/* End PBXHeadersBuildPhase section */

/* Begin PBXNativeTarget section */
		BABEBED419C4474900010636 /* Qedis */ = {
			isa = PBXNativeTarget;
			buildConfigurationList = BABEBEDE19C4474900010636 /* Build configuration list for PBXNativeTarget "Qedis" */;
			buildPhases = (
				BABEBED119C4474900010636 /* Sources */,
				BABEBED219C4474900010636 /* Frameworks */,
				BABEBED319C4474900010636 /* CopyFiles */,
			);
			buildRules = (
			);
			dependencies = (
				BAFC84D519C44B6800C18B22 /* PBXTargetDependency */,
			);
			name = Qedis;
			productName = Qedis;
			productReference = BABEBED519C4474900010636 /* Qedis */;
			productType = "com.apple.product-type.tool";
		};
		BAFC83FD19C44AE800C18B22 /* qbaselib */ = {
			isa = PBXNativeTarget;
			buildConfigurationList = BAFC840119C44AE800C18B22 /* Build configuration list for PBXNativeTarget "qbaselib" */;
			buildPhases = (
				BAFC83FA19C44AE800C18B22 /* Sources */,
				BAFC83FB19C44AE800C18B22 /* Frameworks */,
				BAFC83FC19C44AE800C18B22 /* Headers */,
			);
			buildRules = (
			);
			dependencies = (
			);
			name = qbaselib;
			productName = qbaselib;
			productReference = BAFC83FE19C44AE800C18B22 /* libqbaselib.a */;
			productType = "com.apple.product-type.library.static";
		};
/* End PBXNativeTarget section */

/* Begin PBXProject section */
		BABEBECD19C4474900010636 /* Project object */ = {
			isa = PBXProject;
			attributes = {
				LastUpgradeCheck = 0500;
				ORGANIZATIONNAME = "Bert Young";
			};
			buildConfigurationList = BABEBED019C4474900010636 /* Build configuration list for PBXProject "Qedis" */;
			compatibilityVersion = "Xcode 3.2";
			developmentRegion = English;
			hasScannedForEncodings = 0;
			knownRegions = (
				en,
			);
			mainGroup = BABEBECC19C4474900010636;
			productRefGroup = BABEBED619C4474900010636 /* Products */;
			projectDirPath = "";
			projectRoot = "";
			targets = (
				BABEBED419C4474900010636 /* Qedis */,
				BAFC83FD19C44AE800C18B22 /* qbaselib */,
			);
		};
/* End PBXProject section */

/* Begin PBXSourcesBuildPhase section */
		BABEBED119C4474900010636 /* Sources */ = {
			isa = PBXSourcesBuildPhase;
			buildActionMask = 2147483647;
			files = (
				BAFC84FC19C49E1100C18B22 /* QSet.cc in Sources */,
				BAFC84FF19C49E1100C18B22 /* QString.cc in Sources */,
				BAFC84F519C49E1100C18B22 /* QCommand.cc in Sources */,
				BAFC84F819C49E1100C18B22 /* QHash.cc in Sources */,
				BAFC84F319C49E1100C18B22 /* IntSet.cc in Sources */,
				BAFC84FD19C49E1100C18B22 /* QStat.cc in Sources */,
				BAFC84FE19C49E1100C18B22 /* QStore.cc in Sources */,
				BAFC850019C49E1100C18B22 /* util.cc in Sources */,
				BAFC84F719C49E1100C18B22 /* Qedis.cc in Sources */,
				BAFC84FB19C49E1100C18B22 /* QServerCommand.cc in Sources */,
				BAFC84F619C49E1100C18B22 /* QCommon.cc in Sources */,
				BAFC84F919C49E1100C18B22 /* QKeyCommand.cc in Sources */,
				BAFC84F419C49E1100C18B22 /* QClient.cc in Sources */,
				BAFC84FA19C49E1100C18B22 /* QList.cc in Sources */,
			);
			runOnlyForDeploymentPostprocessing = 0;
		};
		BAFC83FA19C44AE800C18B22 /* Sources */ = {
			isa = PBXSourcesBuildPhase;
			buildActionMask = 2147483647;
			files = (
				BAFC847519C44AFD00C18B22 /* ConfigParser.cc in Sources */,
				BAFC84C019C44AFD00C18B22 /* Thread.cc in Sources */,
				BAFC84C219C44AFD00C18B22 /* ThreadPool.cc in Sources */,
				BAFC847919C44AFD00C18B22 /* Kqueue.cc in Sources */,
				BAFC849119C44AFD00C18B22 /* Server.cc in Sources */,
				BAFC848E19C44AFD00C18B22 /* NetThreadPool.cc in Sources */,
				BAFC84B719C44AFD00C18B22 /* Socket.cc in Sources */,
				BAFC847319C44AFD00C18B22 /* ClientSocket.cc in Sources */,
				BAFC847719C44AFD00C18B22 /* EPoller.cc in Sources */,
				BAFC847B19C44AFD00C18B22 /* ListenSocket.cc in Sources */,
				BAFC84C619C44AFD00C18B22 /* UnboundedBuffer.cc in Sources */,
				BAFC84BB19C44AFD00C18B22 /* TaskManager.cc in Sources */,
				BAFC84B919C44AFD00C18B22 /* StreamSocket.cc in Sources */,
				BAFC84C419C44AFD00C18B22 /* Timer.cc in Sources */,
				BAFC848519C44AFD00C18B22 /* MemoryPool.cc in Sources */,
				BAFC847D19C44AFD00C18B22 /* Logger.cc in Sources */,
				BAFC84BE19C44AFD00C18B22 /* IPC.cc in Sources */,
			);
			runOnlyForDeploymentPostprocessing = 0;
		};
/* End PBXSourcesBuildPhase section */

/* Begin PBXTargetDependency section */
		BAFC84D519C44B6800C18B22 /* PBXTargetDependency */ = {
			isa = PBXTargetDependency;
			target = BAFC83FD19C44AE800C18B22 /* qbaselib */;
			targetProxy = BAFC84D419C44B6800C18B22 /* PBXContainerItemProxy */;
		};
/* End PBXTargetDependency section */

/* Begin XCBuildConfiguration section */
		BABEBEDC19C4474900010636 /* Debug */ = {
			isa = XCBuildConfiguration;
			buildSettings = {
				ALWAYS_SEARCH_USER_PATHS = NO;
				CLANG_CXX_LANGUAGE_STANDARD = "gnu++0x";
				CLANG_CXX_LIBRARY = "libc++";
				CLANG_ENABLE_OBJC_ARC = YES;
				CLANG_WARN_BOOL_CONVERSION = YES;
				CLANG_WARN_CONSTANT_CONVERSION = YES;
				CLANG_WARN_DIRECT_OBJC_ISA_USAGE = YES_ERROR;
				CLANG_WARN_EMPTY_BODY = YES;
				CLANG_WARN_ENUM_CONVERSION = YES;
				CLANG_WARN_INT_CONVERSION = YES;
				CLANG_WARN_OBJC_ROOT_CLASS = YES_ERROR;
				CLANG_WARN__DUPLICATE_METHOD_MATCH = YES;
				COPY_PHASE_STRIP = NO;
				GCC_C_LANGUAGE_STANDARD = gnu99;
				GCC_DYNAMIC_NO_PIC = NO;
				GCC_ENABLE_OBJC_EXCEPTIONS = YES;
				GCC_OPTIMIZATION_LEVEL = 0;
				GCC_PREPROCESSOR_DEFINITIONS = (
					"DEBUG=1",
					"$(inherited)",
				);
				GCC_SYMBOLS_PRIVATE_EXTERN = NO;
				GCC_WARN_64_TO_32_BIT_CONVERSION = YES;
				GCC_WARN_ABOUT_RETURN_TYPE = YES_ERROR;
				GCC_WARN_UNDECLARED_SELECTOR = YES;
				GCC_WARN_UNINITIALIZED_AUTOS = YES;
				GCC_WARN_UNUSED_FUNCTION = YES;
				GCC_WARN_UNUSED_VARIABLE = YES;
				MACOSX_DEPLOYMENT_TARGET = 10.9;
				ONLY_ACTIVE_ARCH = YES;
				SDKROOT = macosx;
			};
			name = Debug;
		};
		BABEBEDD19C4474900010636 /* Release */ = {
			isa = XCBuildConfiguration;
			buildSettings = {
				ALWAYS_SEARCH_USER_PATHS = NO;
				CLANG_CXX_LANGUAGE_STANDARD = "gnu++0x";
				CLANG_CXX_LIBRARY = "libc++";
				CLANG_ENABLE_OBJC_ARC = YES;
				CLANG_WARN_BOOL_CONVERSION = YES;
				CLANG_WARN_CONSTANT_CONVERSION = YES;
				CLANG_WARN_DIRECT_OBJC_ISA_USAGE = YES_ERROR;
				CLANG_WARN_EMPTY_BODY = YES;
				CLANG_WARN_ENUM_CONVERSION = YES;
				CLANG_WARN_INT_CONVERSION = YES;
				CLANG_WARN_OBJC_ROOT_CLASS = YES_ERROR;
				CLANG_WARN__DUPLICATE_METHOD_MATCH = YES;
				COPY_PHASE_STRIP = YES;
				DEBUG_INFORMATION_FORMAT = "dwarf-with-dsym";
				ENABLE_NS_ASSERTIONS = NO;
				GCC_C_LANGUAGE_STANDARD = gnu99;
				GCC_ENABLE_OBJC_EXCEPTIONS = YES;
				GCC_WARN_64_TO_32_BIT_CONVERSION = YES;
				GCC_WARN_ABOUT_RETURN_TYPE = YES_ERROR;
				GCC_WARN_UNDECLARED_SELECTOR = YES;
				GCC_WARN_UNINITIALIZED_AUTOS = YES;
				GCC_WARN_UNUSED_FUNCTION = YES;
				GCC_WARN_UNUSED_VARIABLE = YES;
				MACOSX_DEPLOYMENT_TARGET = 10.9;
				SDKROOT = macosx;
			};
			name = Release;
		};
		BABEBEDF19C4474900010636 /* Debug */ = {
			isa = XCBuildConfiguration;
			buildSettings = {
				ALWAYS_SEARCH_USER_PATHS = YES;
				HEADER_SEARCH_PATHS = (
					"$(inherited)",
					/Applications/Xcode.app/Contents/Developer/Toolchains/XcodeDefault.xctoolchain/usr/include,
					"$(SRCROOT)/QBase",
				);
				PRODUCT_NAME = "$(TARGET_NAME)";
			};
			name = Debug;
		};
		BABEBEE019C4474900010636 /* Release */ = {
			isa = XCBuildConfiguration;
			buildSettings = {
				ALWAYS_SEARCH_USER_PATHS = YES;
				HEADER_SEARCH_PATHS = (
					"$(inherited)",
					/Applications/Xcode.app/Contents/Developer/Toolchains/XcodeDefault.xctoolchain/usr/include,
					"$(SRCROOT)/QBase",
				);
				PRODUCT_NAME = "$(TARGET_NAME)";
			};
			name = Release;
		};
		BAFC83FF19C44AE800C18B22 /* Debug */ = {
			isa = XCBuildConfiguration;
			buildSettings = {
				EXECUTABLE_PREFIX = lib;
				GCC_PREPROCESSOR_DEFINITIONS = (
					"DEBUG=1",
					"$(inherited)",
				);
				PRODUCT_NAME = "$(TARGET_NAME)";
			};
			name = Debug;
		};
		BAFC840019C44AE800C18B22 /* Release */ = {
			isa = XCBuildConfiguration;
			buildSettings = {
				EXECUTABLE_PREFIX = lib;
				PRODUCT_NAME = "$(TARGET_NAME)";
			};
			name = Release;
		};
/* End XCBuildConfiguration section */

/* Begin XCConfigurationList section */
		BABEBED019C4474900010636 /* Build configuration list for PBXProject "Qedis" */ = {
			isa = XCConfigurationList;
			buildConfigurations = (
				BABEBEDC19C4474900010636 /* Debug */,
				BABEBEDD19C4474900010636 /* Release */,
			);
			defaultConfigurationIsVisible = 0;
			defaultConfigurationName = Release;
		};
		BABEBEDE19C4474900010636 /* Build configuration list for PBXNativeTarget "Qedis" */ = {
			isa = XCConfigurationList;
			buildConfigurations = (
				BABEBEDF19C4474900010636 /* Debug */,
				BABEBEE019C4474900010636 /* Release */,
			);
			defaultConfigurationIsVisible = 0;
			defaultConfigurationName = Release;
		};
		BAFC840119C44AE800C18B22 /* Build configuration list for PBXNativeTarget "qbaselib" */ = {
			isa = XCConfigurationList;
			buildConfigurations = (
				BAFC83FF19C44AE800C18B22 /* Debug */,
				BAFC840019C44AE800C18B22 /* Release */,
			);
			defaultConfigurationIsVisible = 0;
		};
/* End XCConfigurationList section */
	};
	rootObject = BABEBECD19C4474900010636 /* Project object */;
}
